// !$*UTF8*$!
{
	archiveVersion = 1;
	classes = {
	};
	objectVersion = 46;
	objects = {

/* Begin PBXBuildFile section */
		C77E12B41A912598002D6DE1 /* main.m in Sources */ = {isa = PBXBuildFile; fileRef = C77E12B31A912598002D6DE1 /* main.m */; };
		C77E12B71A912598002D6DE1 /* AppDelegate.m in Sources */ = {isa = PBXBuildFile; fileRef = C77E12B61A912598002D6DE1 /* AppDelegate.m */; };
		C77E12BA1A912598002D6DE1 /* ViewController.m in Sources */ = {isa = PBXBuildFile; fileRef = C77E12B91A912598002D6DE1 /* ViewController.m */; };
		C77E12BD1A912598002D6DE1 /* Main.storyboard in Resources */ = {isa = PBXBuildFile; fileRef = C77E12BB1A912598002D6DE1 /* Main.storyboard */; };
		C77E12BF1A912598002D6DE1 /* Images.xcassets in Resources */ = {isa = PBXBuildFile; fileRef = C77E12BE1A912598002D6DE1 /* Images.xcassets */; };
		C77E12C21A912598002D6DE1 /* LaunchScreen.xib in Resources */ = {isa = PBXBuildFile; fileRef = C77E12C01A912598002D6DE1 /* LaunchScreen.xib */; };
		C77E12CE1A912598002D6DE1 /* Test10MapsTests.m in Sources */ = {isa = PBXBuildFile; fileRef = C77E12CD1A912598002D6DE1 /* Test10MapsTests.m */; };
		C77E12D81A9125C2002D6DE1 /* MapKit.framework in Frameworks */ = {isa = PBXBuildFile; fileRef = C77E12D71A9125C2002D6DE1 /* MapKit.framework */; };
		C77E12DC1A912F8B002D6DE1 /* MapAnnotation.m in Sources */ = {isa = PBXBuildFile; fileRef = C77E12DB1A912F8B002D6DE1 /* MapAnnotation.m */; };
/* End PBXBuildFile section */

/* Begin PBXContainerItemProxy section */
		C77E12C81A912598002D6DE1 /* PBXContainerItemProxy */ = {
			isa = PBXContainerItemProxy;
			containerPortal = C77E12A61A912598002D6DE1 /* Project object */;
			proxyType = 1;
			remoteGlobalIDString = C77E12AD1A912598002D6DE1;
			remoteInfo = Test10Maps;
		};
/* End PBXContainerItemProxy section */

/* Begin PBXFileReference section */
		C77E12AE1A912598002D6DE1 /* Test10Maps.app */ = {isa = PBXFileReference; explicitFileType = wrapper.application; includeInIndex = 0; path = Test10Maps.app; sourceTree = BUILT_PRODUCTS_DIR; };
		C77E12B21A912598002D6DE1 /* Info.plist */ = {isa = PBXFileReference; lastKnownFileType = text.plist.xml; path = Info.plist; sourceTree = "<group>"; };
		C77E12B31A912598002D6DE1 /* main.m */ = {isa = PBXFileReference; lastKnownFileType = sourcecode.c.objc; path = main.m; sourceTree = "<group>"; };
		C77E12B51A912598002D6DE1 /* AppDelegate.h */ = {isa = PBXFileReference; lastKnownFileType = sourcecode.c.h; path = AppDelegate.h; sourceTree = "<group>"; };
		C77E12B61A912598002D6DE1 /* AppDelegate.m */ = {isa = PBXFileReference; lastKnownFileType = sourcecode.c.objc; path = AppDelegate.m; sourceTree = "<group>"; };
		C77E12B81A912598002D6DE1 /* ViewController.h */ = {isa = PBXFileReference; lastKnownFileType = sourcecode.c.h; path = ViewController.h; sourceTree = "<group>"; };
		C77E12B91A912598002D6DE1 /* ViewController.m */ = {isa = PBXFileReference; lastKnownFileType = sourcecode.c.objc; path = ViewController.m; sourceTree = "<group>"; };
		C77E12BC1A912598002D6DE1 /* Base */ = {isa = PBXFileReference; lastKnownFileType = file.storyboard; name = Base; path = Base.lproj/Main.storyboard; sourceTree = "<group>"; };
		C77E12BE1A912598002D6DE1 /* Images.xcassets */ = {isa = PBXFileReference; lastKnownFileType = folder.assetcatalog; path = Images.xcassets; sourceTree = "<group>"; };
		C77E12C11A912598002D6DE1 /* Base */ = {isa = PBXFileReference; lastKnownFileType = file.xib; name = Base; path = Base.lproj/LaunchScreen.xib; sourceTree = "<group>"; };
		C77E12C71A912598002D6DE1 /* Test10MapsTests.xctest */ = {isa = PBXFileReference; explicitFileType = wrapper.cfbundle; includeInIndex = 0; path = Test10MapsTests.xctest; sourceTree = BUILT_PRODUCTS_DIR; };
		C77E12CC1A912598002D6DE1 /* Info.plist */ = {isa = PBXFileReference; lastKnownFileType = text.plist.xml; path = Info.plist; sourceTree = "<group>"; };
		C77E12CD1A912598002D6DE1 /* Test10MapsTests.m */ = {isa = PBXFileReference; lastKnownFileType = sourcecode.c.objc; path = Test10MapsTests.m; sourceTree = "<group>"; };
		C77E12D71A9125C2002D6DE1 /* MapKit.framework */ = {isa = PBXFileReference; lastKnownFileType = wrapper.framework; name = MapKit.framework; path = System/Library/Frameworks/MapKit.framework; sourceTree = SDKROOT; };
		C77E12DA1A912F8B002D6DE1 /* MapAnnotation.h */ = {isa = PBXFileReference; fileEncoding = 4; lastKnownFileType = sourcecode.c.h; path = MapAnnotation.h; sourceTree = "<group>"; };
		C77E12DB1A912F8B002D6DE1 /* MapAnnotation.m */ = {isa = PBXFileReference; fileEncoding = 4; lastKnownFileType = sourcecode.c.objc; path = MapAnnotation.m; sourceTree = "<group>"; };
/* End PBXFileReference section */

/* Begin PBXFrameworksBuildPhase section */
		C77E12AB1A912598002D6DE1 /* Frameworks */ = {
			isa = PBXFrameworksBuildPhase;
			buildActionMask = 2147483647;
			files = (
				C77E12D81A9125C2002D6DE1 /* MapKit.framework in Frameworks */,
			);
			runOnlyForDeploymentPostprocessing = 0;
		};
		C77E12C41A912598002D6DE1 /* Frameworks */ = {
			isa = PBXFrameworksBuildPhase;
			buildActionMask = 2147483647;
			files = (
			);
			runOnlyForDeploymentPostprocessing = 0;
		};
/* End PBXFrameworksBuildPhase section */

/* Begin PBXGroup section */
		C77E12A51A912598002D6DE1 = {
			isa = PBXGroup;
			children = (
				C77E12B01A912598002D6DE1 /* Test10Maps */,
				C77E12CA1A912598002D6DE1 /* Test10MapsTests */,
				C77E12AF1A912598002D6DE1 /* Products */,
				C77E12D91A9125FC002D6DE1 /* Frameworks */,
			);
			sourceTree = "<group>";
		};
		C77E12AF1A912598002D6DE1 /* Products */ = {
			isa = PBXGroup;
			children = (
				C77E12AE1A912598002D6DE1 /* Test10Maps.app */,
				C77E12C71A912598002D6DE1 /* Test10MapsTests.xctest */,
			);
			name = Products;
			sourceTree = "<group>";
		};
		C77E12B01A912598002D6DE1 /* Test10Maps */ = {
			isa = PBXGroup;
			children = (
				C77E12B51A912598002D6DE1 /* AppDelegate.h */,
				C77E12B61A912598002D6DE1 /* AppDelegate.m */,
				C77E12B81A912598002D6DE1 /* ViewController.h */,
				C77E12B91A912598002D6DE1 /* ViewController.m */,
				C77E12BB1A912598002D6DE1 /* Main.storyboard */,
				C77E12DA1A912F8B002D6DE1 /* MapAnnotation.h */,
				C77E12DB1A912F8B002D6DE1 /* MapAnnotation.m */,
				C77E12BE1A912598002D6DE1 /* Images.xcassets */,
				C77E12C01A912598002D6DE1 /* LaunchScreen.xib */,
				C77E12B11A912598002D6DE1 /* Supporting Files */,
			);
			path = Test10Maps;
			sourceTree = "<group>";
		};
		C77E12B11A912598002D6DE1 /* Supporting Files */ = {
			isa = PBXGroup;
			children = (
				C77E12B21A912598002D6DE1 /* Info.plist */,
				C77E12B31A912598002D6DE1 /* main.m */,
			);
			name = "Supporting Files";
			sourceTree = "<group>";
		};
		C77E12CA1A912598002D6DE1 /* Test10MapsTests */ = {
			isa = PBXGroup;
			children = (
				C77E12CD1A912598002D6DE1 /* Test10MapsTests.m */,
				C77E12CB1A912598002D6DE1 /* Supporting Files */,
			);
			path = Test10MapsTests;
			sourceTree = "<group>";
		};
		C77E12CB1A912598002D6DE1 /* Supporting Files */ = {
			isa = PBXGroup;
			children = (
				C77E12CC1A912598002D6DE1 /* Info.plist */,
			);
			name = "Supporting Files";
			sourceTree = "<group>";
		};
		C77E12D91A9125FC002D6DE1 /* Frameworks */ = {
			isa = PBXGroup;
			children = (
				C77E12D71A9125C2002D6DE1 /* MapKit.framework */,
			);
			name = Frameworks;
			sourceTree = "<group>";
		};
/* End PBXGroup section */

/* Begin PBXNativeTarget section */
		C77E12AD1A912598002D6DE1 /* Test10Maps */ = {
			isa = PBXNativeTarget;
			buildConfigurationList = C77E12D11A912598002D6DE1 /* Build configuration list for PBXNativeTarget "Test10Maps" */;
			buildPhases = (
				C77E12AA1A912598002D6DE1 /* Sources */,
				C77E12AB1A912598002D6DE1 /* Frameworks */,
				C77E12AC1A912598002D6DE1 /* Resources */,
			);
			buildRules = (
			);
			dependencies = (
			);
			name = Test10Maps;
			productName = Test10Maps;
			productReference = C77E12AE1A912598002D6DE1 /* Test10Maps.app */;
			productType = "com.apple.product-type.application";
		};
		C77E12C61A912598002D6DE1 /* Test10MapsTests */ = {
			isa = PBXNativeTarget;
			buildConfigurationList = C77E12D41A912598002D6DE1 /* Build configuration list for PBXNativeTarget "Test10MapsTests" */;
			buildPhases = (
				C77E12C31A912598002D6DE1 /* Sources */,
				C77E12C41A912598002D6DE1 /* Frameworks */,
				C77E12C51A912598002D6DE1 /* Resources */,
			);
			buildRules = (
			);
			dependencies = (
				C77E12C91A912598002D6DE1 /* PBXTargetDependency */,
			);
			name = Test10MapsTests;
			productName = Test10MapsTests;
			productReference = C77E12C71A912598002D6DE1 /* Test10MapsTests.xctest */;
			productType = "com.apple.product-type.bundle.unit-test";
		};
/* End PBXNativeTarget section */

/* Begin PBXProject section */
		C77E12A61A912598002D6DE1 /* Project object */ = {
			isa = PBXProject;
			attributes = {
				LastUpgradeCheck = 0610;
				ORGANIZATIONNAME = "Andriy Bas";
				TargetAttributes = {
					C77E12AD1A912598002D6DE1 = {
						CreatedOnToolsVersion = 6.1.1;
					};
					C77E12C61A912598002D6DE1 = {
						CreatedOnToolsVersion = 6.1.1;
						TestTargetID = C77E12AD1A912598002D6DE1;
					};
				};
			};
			buildConfigurationList = C77E12A91A912598002D6DE1 /* Build configuration list for PBXProject "Test10Maps" */;
			compatibilityVersion = "Xcode 3.2";
			developmentRegion = English;
			hasScannedForEncodings = 0;
			knownRegions = (
				en,
				Base,
			);
			mainGroup = C77E12A51A912598002D6DE1;
			productRefGroup = C77E12AF1A912598002D6DE1 /* Products */;
			projectDirPath = "";
			projectRoot = "";
			targets = (
				C77E12AD1A912598002D6DE1 /* Test10Maps */,
				C77E12C61A912598002D6DE1 /* Test10MapsTests */,
			);
		};
/* End PBXProject section */

/* Begin PBXResourcesBuildPhase section */
		C77E12AC1A912598002D6DE1 /* Resources */ = {
			isa = PBXResourcesBuildPhase;
			buildActionMask = 2147483647;
			files = (
				C77E12BD1A912598002D6DE1 /* Main.storyboard in Resources */,
				C77E12C21A912598002D6DE1 /* LaunchScreen.xib in Resources */,
				C77E12BF1A912598002D6DE1 /* Images.xcassets in Resources */,
			);
			runOnlyForDeploymentPostprocessing = 0;
		};
		C77E12C51A912598002D6DE1 /* Resources */ = {
			isa = PBXResourcesBuildPhase;
			buildActionMask = 2147483647;
			files = (
			);
			runOnlyForDeploymentPostprocessing = 0;
		};
/* End PBXResourcesBuildPhase section */

/* Begin PBXSourcesBuildPhase section */
		C77E12AA1A912598002D6DE1 /* Sources */ = {
			isa = PBXSourcesBuildPhase;
			buildActionMask = 2147483647;
			files = (
				C77E12BA1A912598002D6DE1 /* ViewController.m in Sources */,
				C77E12B71A912598002D6DE1 /* AppDelegate.m in Sources */,
				C77E12B41A912598002D6DE1 /* main.m in Sources */,
				C77E12DC1A912F8B002D6DE1 /* MapAnnotation.m in Sources */,
			);
			runOnlyForDeploymentPostprocessing = 0;
		};
		C77E12C31A912598002D6DE1 /* Sources */ = {
			isa = PBXSourcesBuildPhase;
			buildActionMask = 2147483647;
			files = (
				C77E12CE1A912598002D6DE1 /* Test10MapsTests.m in Sources */,
			);
			runOnlyForDeploymentPostprocessing = 0;
		};
/* End PBXSourcesBuildPhase section */

/* Begin PBXTargetDependency section */
		C77E12C91A912598002D6DE1 /* PBXTargetDependency */ = {
			isa = PBXTargetDependency;
			target = C77E12AD1A912598002D6DE1 /* Test10Maps */;
			targetProxy = C77E12C81A912598002D6DE1 /* PBXContainerItemProxy */;
		};
/* End PBXTargetDependency section */

/* Begin PBXVariantGroup section */
		C77E12BB1A912598002D6DE1 /* Main.storyboard */ = {
			isa = PBXVariantGroup;
			children = (
				C77E12BC1A912598002D6DE1 /* Base */,
			);
			name = Main.storyboard;
			sourceTree = "<group>";
		};
		C77E12C01A912598002D6DE1 /* LaunchScreen.xib */ = {
			isa = PBXVariantGroup;
			children = (
				C77E12C11A912598002D6DE1 /* Base */,
			);
			name = LaunchScreen.xib;
			sourceTree = "<group>";
		};
/* End PBXVariantGroup section */

/* Begin XCBuildConfiguration section */
		C77E12CF1A912598002D6DE1 /* Debug */ = {
			isa = XCBuildConfiguration;
			buildSettings = {
				ALWAYS_SEARCH_USER_PATHS = NO;
				CLANG_CXX_LANGUAGE_STANDARD = "gnu++0x";
				CLANG_CXX_LIBRARY = "libc++";
				CLANG_ENABLE_MODULES = YES;
				CLANG_ENABLE_OBJC_ARC = YES;
				CLANG_WARN_BOOL_CONVERSION = YES;
				CLANG_WARN_CONSTANT_CONVERSION = YES;
				CLANG_WARN_DIRECT_OBJC_ISA_USAGE = YES_ERROR;
				CLANG_WARN_EMPTY_BODY = YES;
				CLANG_WARN_ENUM_CONVERSION = YES;
				CLANG_WARN_INT_CONVERSION = YES;
				CLANG_WARN_OBJC_ROOT_CLASS = YES_ERROR;
				CLANG_WARN_UNREACHABLE_CODE = YES;
				CLANG_WARN__DUPLICATE_METHOD_MATCH = YES;
				"CODE_SIGN_IDENTITY[sdk=iphoneos*]" = "iPhone Developer";
				COPY_PHASE_STRIP = NO;
				ENABLE_STRICT_OBJC_MSGSEND = YES;
				GCC_C_LANGUAGE_STANDARD = gnu99;
				GCC_DYNAMIC_NO_PIC = NO;
				GCC_OPTIMIZATION_LEVEL = 0;
				GCC_PREPROCESSOR_DEFINITIONS = (
					"DEBUG=1",
					"$(inherited)",
				);
				GCC_SYMBOLS_PRIVATE_EXTERN = NO;
				GCC_WARN_64_TO_32_BIT_CONVERSION = YES;
				GCC_WARN_ABOUT_RETURN_TYPE = YES_ERROR;
				GCC_WARN_UNDECLARED_SELECTOR = YES;
				GCC_WARN_UNINITIALIZED_AUTOS = YES_AGGRESSIVE;
				GCC_WARN_UNUSED_FUNCTION = YES;
				GCC_WARN_UNUSED_VARIABLE = YES;
				IPHONEOS_DEPLOYMENT_TARGET = 8.1;
				MTL_ENABLE_DEBUG_INFO = YES;
				ONLY_ACTIVE_ARCH = YES;
				SDKROOT = iphoneos;
				TARGETED_DEVICE_FAMILY = "1,2";
			};
			name = Debug;
		};
		C77E12D01A912598002D6DE1 /* Release */ = {
			isa = XCBuildConfiguration;
			buildSettings = {
				ALWAYS_SEARCH_USER_PATHS = NO;
				CLANG_CXX_LANGUAGE_STANDARD = "gnu++0x";
				CLANG_CXX_LIBRARY = "libc++";
				CLANG_ENABLE_MODULES = YES;
				CLANG_ENABLE_OBJC_ARC = YES;
				CLANG_WARN_BOOL_CONVERSION = YES;
				CLANG_WARN_CONSTANT_CONVERSION = YES;
				CLANG_WARN_DIRECT_OBJC_ISA_USAGE = YES_ERROR;
				CLANG_WARN_EMPTY_BODY = YES;
				CLANG_WARN_ENUM_CONVERSION = YES;
				CLANG_WARN_INT_CONVERSION = YES;
				CLANG_WARN_OBJC_ROOT_CLASS = YES_ERROR;
				CLANG_WARN_UNREACHABLE_CODE = YES;
				CLANG_WARN__DUPLICATE_METHOD_MATCH = YES;
				"CODE_SIGN_IDENTITY[sdk=iphoneos*]" = "iPhone Developer";
				COPY_PHASE_STRIP = YES;
				ENABLE_NS_ASSERTIONS = NO;
				ENABLE_STRICT_OBJC_MSGSEND = YES;
				GCC_C_LANGUAGE_STANDARD = gnu99;
				GCC_WARN_64_TO_32_BIT_CONVERSION = YES;
				GCC_WARN_ABOUT_RETURN_TYPE = YES_ERROR;
				GCC_WARN_UNDECLARED_SELECTOR = YES;
				GCC_WARN_UNINITIALIZED_AUTOS = YES_AGGRESSIVE;
				GCC_WARN_UNUSED_FUNCTION = YES;
				GCC_WARN_UNUSED_VARIABLE = YES;
				IPHONEOS_DEPLOYMENT_TARGET = 8.1;
				MTL_ENABLE_DEBUG_INFO = NO;
				SDKROOT = iphoneos;
				TARGETED_DEVICE_FAMILY = "1,2";
				VALIDATE_PRODUCT = YES;
			};
			name = Release;
		};
		C77E12D21A912598002D6DE1 /* Debug */ = {
			isa = XCBuildConfiguration;
			buildSettings = {
				ASSETCATALOG_COMPILER_APPICON_NAME = AppIcon;
				INFOPLIST_FILE = Test10Maps/Info.plist;
				LD_RUNPATH_SEARCH_PATHS = "$(inherited) @executable_path/Frameworks";
				PRODUCT_NAME = "$(TARGET_NAME)";
			};
			name = Debug;
		};
		C77E12D31A912598002D6DE1 /* Release */ = {
			isa = XCBuildConfiguration;
			buildSettings = {
				ASSETCATALOG_COMPILER_APPICON_NAME = AppIcon;
				INFOPLIST_FILE = Test10Maps/Info.plist;
				LD_RUNPATH_SEARCH_PATHS = "$(inherited) @executable_path/Frameworks";
				PRODUCT_NAME = "$(TARGET_NAME)";
			};
			name = Release;
		};
		C77E12D51A912598002D6DE1 /* Debug */ = {
			isa = XCBuildConfiguration;
			buildSettings = {
				BUNDLE_LOADER = "$(TEST_HOST)";
				FRAMEWORK_SEARCH_PATHS = (
					"$(SDKROOT)/Developer/Library/Frameworks",
					"$(inherited)",
				);
				GCC_PREPROCESSOR_DEFINITIONS = (
					"DEBUG=1",
					"$(inherited)",
				);
				INFOPLIST_FILE = Test10MapsTests/Info.plist;
				LD_RUNPATH_SEARCH_PATHS = "$(inherited) @executable_path/Frameworks @loader_path/Frameworks";
				PRODUCT_NAME = "$(TARGET_NAME)";
				TEST_HOST = "$(BUILT_PRODUCTS_DIR)/Test10Maps.app/Test10Maps";
			};
			name = Debug;
		};
		C77E12D61A912598002D6DE1 /* Release */ = {
			isa = XCBuildConfiguration;
			buildSettings = {
				BUNDLE_LOADER = "$(TEST_HOST)";
				FRAMEWORK_SEARCH_PATHS = (
					"$(SDKROOT)/Developer/Library/Frameworks",
					"$(inherited)",
				);
				INFOPLIST_FILE = Test10MapsTests/Info.plist;
				LD_RUNPATH_SEARCH_PATHS = "$(inherited) @executable_path/Frameworks @loader_path/Frameworks";
				PRODUCT_NAME = "$(TARGET_NAME)";
				TEST_HOST = "$(BUILT_PRODUCTS_DIR)/Test10Maps.app/Test10Maps";
			};
			name = Release;
		};
/* End XCBuildConfiguration section */

/* Begin XCConfigurationList section */
		C77E12A91A912598002D6DE1 /* Build configuration list for PBXProject "Test10Maps" */ = {
			isa = XCConfigurationList;
			buildConfigurations = (
				C77E12CF1A912598002D6DE1 /* Debug */,
				C77E12D01A912598002D6DE1 /* Release */,
			);
			defaultConfigurationIsVisible = 0;
			defaultConfigurationName = Release;
		};
		C77E12D11A912598002D6DE1 /* Build configuration list for PBXNativeTarget "Test10Maps" */ = {
			isa = XCConfigurationList;
			buildConfigurations = (
				C77E12D21A912598002D6DE1 /* Debug */,
				C77E12D31A912598002D6DE1 /* Release */,
			);
			defaultConfigurationIsVisible = 0;
		};
		C77E12D41A912598002D6DE1 /* Build configuration list for PBXNativeTarget "Test10MapsTests" */ = {
			isa = XCConfigurationList;
			buildConfigurations = (
				C77E12D51A912598002D6DE1 /* Debug */,
				C77E12D61A912598002D6DE1 /* Release */,
			);
			defaultConfigurationIsVisible = 0;
		};
/* End XCConfigurationList section */
	};
	rootObject = C77E12A61A912598002D6DE1 /* Project object */;
}
