// !$*UTF8*$!
{
	archiveVersion = 1;
	classes = {
	};
	objectVersion = 46;
	objects = {

/* Begin PBXBuildFile section */
		C7DBF54A1AE22B6A00A8A37F /* main.m in Sources */ = {isa = PBXBuildFile; fileRef = C7DBF5491AE22B6A00A8A37F /* main.m */; };
		C7DBF54D1AE22B6A00A8A37F /* AppDelegate.m in Sources */ = {isa = PBXBuildFile; fileRef = C7DBF54C1AE22B6A00A8A37F /* AppDelegate.m */; };
		C7DBF5501AE22B6A00A8A37F /* AAAAA.xcdatamodeld in Sources */ = {isa = PBXBuildFile; fileRef = C7DBF54E1AE22B6A00A8A37F /* AAAAA.xcdatamodeld */; };
		C7DBF5531AE22B6A00A8A37F /* MasterViewController.m in Sources */ = {isa = PBXBuildFile; fileRef = C7DBF5521AE22B6A00A8A37F /* MasterViewController.m */; };
		C7DBF5561AE22B6A00A8A37F /* DetailViewController.m in Sources */ = {isa = PBXBuildFile; fileRef = C7DBF5551AE22B6A00A8A37F /* DetailViewController.m */; };
		C7DBF5591AE22B6A00A8A37F /* Main.storyboard in Resources */ = {isa = PBXBuildFile; fileRef = C7DBF5571AE22B6A00A8A37F /* Main.storyboard */; };
		C7DBF55B1AE22B6A00A8A37F /* Images.xcassets in Resources */ = {isa = PBXBuildFile; fileRef = C7DBF55A1AE22B6A00A8A37F /* Images.xcassets */; };
		C7DBF55E1AE22B6A00A8A37F /* LaunchScreen.xib in Resources */ = {isa = PBXBuildFile; fileRef = C7DBF55C1AE22B6A00A8A37F /* LaunchScreen.xib */; };
		C7DBF56A1AE22B6A00A8A37F /* AAAAATests.m in Sources */ = {isa = PBXBuildFile; fileRef = C7DBF5691AE22B6A00A8A37F /* AAAAATests.m */; };
/* End PBXBuildFile section */

/* Begin PBXContainerItemProxy section */
		C7DBF5641AE22B6A00A8A37F /* PBXContainerItemProxy */ = {
			isa = PBXContainerItemProxy;
			containerPortal = C7DBF53C1AE22B6A00A8A37F /* Project object */;
			proxyType = 1;
			remoteGlobalIDString = C7DBF5431AE22B6A00A8A37F;
			remoteInfo = AAAAA;
		};
/* End PBXContainerItemProxy section */

/* Begin PBXFileReference section */
		C7DBF5441AE22B6A00A8A37F /* AAAAA.app */ = {isa = PBXFileReference; explicitFileType = wrapper.application; includeInIndex = 0; path = AAAAA.app; sourceTree = BUILT_PRODUCTS_DIR; };
		C7DBF5481AE22B6A00A8A37F /* Info.plist */ = {isa = PBXFileReference; lastKnownFileType = text.plist.xml; path = Info.plist; sourceTree = "<group>"; };
		C7DBF5491AE22B6A00A8A37F /* main.m */ = {isa = PBXFileReference; lastKnownFileType = sourcecode.c.objc; path = main.m; sourceTree = "<group>"; };
		C7DBF54B1AE22B6A00A8A37F /* AppDelegate.h */ = {isa = PBXFileReference; lastKnownFileType = sourcecode.c.h; path = AppDelegate.h; sourceTree = "<group>"; };
		C7DBF54C1AE22B6A00A8A37F /* AppDelegate.m */ = {isa = PBXFileReference; lastKnownFileType = sourcecode.c.objc; path = AppDelegate.m; sourceTree = "<group>"; };
		C7DBF54F1AE22B6A00A8A37F /* AAAAA.xcdatamodel */ = {isa = PBXFileReference; lastKnownFileType = wrapper.xcdatamodel; path = AAAAA.xcdatamodel; sourceTree = "<group>"; };
		C7DBF5511AE22B6A00A8A37F /* MasterViewController.h */ = {isa = PBXFileReference; lastKnownFileType = sourcecode.c.h; path = MasterViewController.h; sourceTree = "<group>"; };
		C7DBF5521AE22B6A00A8A37F /* MasterViewController.m */ = {isa = PBXFileReference; lastKnownFileType = sourcecode.c.objc; path = MasterViewController.m; sourceTree = "<group>"; };
		C7DBF5541AE22B6A00A8A37F /* DetailViewController.h */ = {isa = PBXFileReference; lastKnownFileType = sourcecode.c.h; path = DetailViewController.h; sourceTree = "<group>"; };
		C7DBF5551AE22B6A00A8A37F /* DetailViewController.m */ = {isa = PBXFileReference; lastKnownFileType = sourcecode.c.objc; path = DetailViewController.m; sourceTree = "<group>"; };
		C7DBF5581AE22B6A00A8A37F /* Base */ = {isa = PBXFileReference; lastKnownFileType = file.storyboard; name = Base; path = Base.lproj/Main.storyboard; sourceTree = "<group>"; };
		C7DBF55A1AE22B6A00A8A37F /* Images.xcassets */ = {isa = PBXFileReference; lastKnownFileType = folder.assetcatalog; path = Images.xcassets; sourceTree = "<group>"; };
		C7DBF55D1AE22B6A00A8A37F /* Base */ = {isa = PBXFileReference; lastKnownFileType = file.xib; name = Base; path = Base.lproj/LaunchScreen.xib; sourceTree = "<group>"; };
		C7DBF5631AE22B6A00A8A37F /* AAAAATests.xctest */ = {isa = PBXFileReference; explicitFileType = wrapper.cfbundle; includeInIndex = 0; path = AAAAATests.xctest; sourceTree = BUILT_PRODUCTS_DIR; };
		C7DBF5681AE22B6A00A8A37F /* Info.plist */ = {isa = PBXFileReference; lastKnownFileType = text.plist.xml; path = Info.plist; sourceTree = "<group>"; };
		C7DBF5691AE22B6A00A8A37F /* AAAAATests.m */ = {isa = PBXFileReference; lastKnownFileType = sourcecode.c.objc; path = AAAAATests.m; sourceTree = "<group>"; };
/* End PBXFileReference section */

/* Begin PBXFrameworksBuildPhase section */
		C7DBF5411AE22B6A00A8A37F /* Frameworks */ = {
			isa = PBXFrameworksBuildPhase;
			buildActionMask = 2147483647;
			files = (
			);
			runOnlyForDeploymentPostprocessing = 0;
		};
		C7DBF5601AE22B6A00A8A37F /* Frameworks */ = {
			isa = PBXFrameworksBuildPhase;
			buildActionMask = 2147483647;
			files = (
			);
			runOnlyForDeploymentPostprocessing = 0;
		};
/* End PBXFrameworksBuildPhase section */

/* Begin PBXGroup section */
		C7DBF53B1AE22B6A00A8A37F = {
			isa = PBXGroup;
			children = (
				C7DBF5461AE22B6A00A8A37F /* AAAAA */,
				C7DBF5661AE22B6A00A8A37F /* AAAAATests */,
				C7DBF5451AE22B6A00A8A37F /* Products */,
			);
			sourceTree = "<group>";
		};
		C7DBF5451AE22B6A00A8A37F /* Products */ = {
			isa = PBXGroup;
			children = (
				C7DBF5441AE22B6A00A8A37F /* AAAAA.app */,
				C7DBF5631AE22B6A00A8A37F /* AAAAATests.xctest */,
			);
			name = Products;
			sourceTree = "<group>";
		};
		C7DBF5461AE22B6A00A8A37F /* AAAAA */ = {
			isa = PBXGroup;
			children = (
				C7DBF54B1AE22B6A00A8A37F /* AppDelegate.h */,
				C7DBF54C1AE22B6A00A8A37F /* AppDelegate.m */,
				C7DBF5511AE22B6A00A8A37F /* MasterViewController.h */,
				C7DBF5521AE22B6A00A8A37F /* MasterViewController.m */,
				C7DBF5541AE22B6A00A8A37F /* DetailViewController.h */,
				C7DBF5551AE22B6A00A8A37F /* DetailViewController.m */,
				C7DBF5571AE22B6A00A8A37F /* Main.storyboard */,
				C7DBF55A1AE22B6A00A8A37F /* Images.xcassets */,
				C7DBF55C1AE22B6A00A8A37F /* LaunchScreen.xib */,
				C7DBF54E1AE22B6A00A8A37F /* AAAAA.xcdatamodeld */,
				C7DBF5471AE22B6A00A8A37F /* Supporting Files */,
			);
			path = AAAAA;
			sourceTree = "<group>";
		};
		C7DBF5471AE22B6A00A8A37F /* Supporting Files */ = {
			isa = PBXGroup;
			children = (
				C7DBF5481AE22B6A00A8A37F /* Info.plist */,
				C7DBF5491AE22B6A00A8A37F /* main.m */,
			);
			name = "Supporting Files";
			sourceTree = "<group>";
		};
		C7DBF5661AE22B6A00A8A37F /* AAAAATests */ = {
			isa = PBXGroup;
			children = (
				C7DBF5691AE22B6A00A8A37F /* AAAAATests.m */,
				C7DBF5671AE22B6A00A8A37F /* Supporting Files */,
			);
			path = AAAAATests;
			sourceTree = "<group>";
		};
		C7DBF5671AE22B6A00A8A37F /* Supporting Files */ = {
			isa = PBXGroup;
			children = (
				C7DBF5681AE22B6A00A8A37F /* Info.plist */,
			);
			name = "Supporting Files";
			sourceTree = "<group>";
		};
/* End PBXGroup section */

/* Begin PBXNativeTarget section */
		C7DBF5431AE22B6A00A8A37F /* AAAAA */ = {
			isa = PBXNativeTarget;
			buildConfigurationList = C7DBF56D1AE22B6A00A8A37F /* Build configuration list for PBXNativeTarget "AAAAA" */;
			buildPhases = (
				C7DBF5401AE22B6A00A8A37F /* Sources */,
				C7DBF5411AE22B6A00A8A37F /* Frameworks */,
				C7DBF5421AE22B6A00A8A37F /* Resources */,
			);
			buildRules = (
			);
			dependencies = (
			);
			name = AAAAA;
			productName = AAAAA;
			productReference = C7DBF5441AE22B6A00A8A37F /* AAAAA.app */;
			productType = "com.apple.product-type.application";
		};
		C7DBF5621AE22B6A00A8A37F /* AAAAATests */ = {
			isa = PBXNativeTarget;
			buildConfigurationList = C7DBF5701AE22B6A00A8A37F /* Build configuration list for PBXNativeTarget "AAAAATests" */;
			buildPhases = (
				C7DBF55F1AE22B6A00A8A37F /* Sources */,
				C7DBF5601AE22B6A00A8A37F /* Frameworks */,
				C7DBF5611AE22B6A00A8A37F /* Resources */,
			);
			buildRules = (
			);
			dependencies = (
				C7DBF5651AE22B6A00A8A37F /* PBXTargetDependency */,
			);
			name = AAAAATests;
			productName = AAAAATests;
			productReference = C7DBF5631AE22B6A00A8A37F /* AAAAATests.xctest */;
			productType = "com.apple.product-type.bundle.unit-test";
		};
/* End PBXNativeTarget section */

/* Begin PBXProject section */
		C7DBF53C1AE22B6A00A8A37F /* Project object */ = {
			isa = PBXProject;
			attributes = {
				LastUpgradeCheck = 0630;
				ORGANIZATIONNAME = "Andriy Bas";
				TargetAttributes = {
					C7DBF5431AE22B6A00A8A37F = {
						CreatedOnToolsVersion = 6.3;
					};
					C7DBF5621AE22B6A00A8A37F = {
						CreatedOnToolsVersion = 6.3;
						TestTargetID = C7DBF5431AE22B6A00A8A37F;
					};
				};
			};
			buildConfigurationList = C7DBF53F1AE22B6A00A8A37F /* Build configuration list for PBXProject "AAAAA" */;
			compatibilityVersion = "Xcode 3.2";
			developmentRegion = English;
			hasScannedForEncodings = 0;
			knownRegions = (
				en,
				Base,
			);
			mainGroup = C7DBF53B1AE22B6A00A8A37F;
			productRefGroup = C7DBF5451AE22B6A00A8A37F /* Products */;
			projectDirPath = "";
			projectRoot = "";
			targets = (
				C7DBF5431AE22B6A00A8A37F /* AAAAA */,
				C7DBF5621AE22B6A00A8A37F /* AAAAATests */,
			);
		};
/* End PBXProject section */

/* Begin PBXResourcesBuildPhase section */
		C7DBF5421AE22B6A00A8A37F /* Resources */ = {
			isa = PBXResourcesBuildPhase;
			buildActionMask = 2147483647;
			files = (
				C7DBF5591AE22B6A00A8A37F /* Main.storyboard in Resources */,
				C7DBF55E1AE22B6A00A8A37F /* LaunchScreen.xib in Resources */,
				C7DBF55B1AE22B6A00A8A37F /* Images.xcassets in Resources */,
			);
			runOnlyForDeploymentPostprocessing = 0;
		};
		C7DBF5611AE22B6A00A8A37F /* Resources */ = {
			isa = PBXResourcesBuildPhase;
			buildActionMask = 2147483647;
			files = (
			);
			runOnlyForDeploymentPostprocessing = 0;
		};
/* End PBXResourcesBuildPhase section */

/* Begin PBXSourcesBuildPhase section */
		C7DBF5401AE22B6A00A8A37F /* Sources */ = {
			isa = PBXSourcesBuildPhase;
			buildActionMask = 2147483647;
			files = (
				C7DBF5561AE22B6A00A8A37F /* DetailViewController.m in Sources */,
				C7DBF5531AE22B6A00A8A37F /* MasterViewController.m in Sources */,
				C7DBF5501AE22B6A00A8A37F /* AAAAA.xcdatamodeld in Sources */,
				C7DBF54D1AE22B6A00A8A37F /* AppDelegate.m in Sources */,
				C7DBF54A1AE22B6A00A8A37F /* main.m in Sources */,
			);
			runOnlyForDeploymentPostprocessing = 0;
		};
		C7DBF55F1AE22B6A00A8A37F /* Sources */ = {
			isa = PBXSourcesBuildPhase;
			buildActionMask = 2147483647;
			files = (
				C7DBF56A1AE22B6A00A8A37F /* AAAAATests.m in Sources */,
			);
			runOnlyForDeploymentPostprocessing = 0;
		};
/* End PBXSourcesBuildPhase section */

/* Begin PBXTargetDependency section */
		C7DBF5651AE22B6A00A8A37F /* PBXTargetDependency */ = {
			isa = PBXTargetDependency;
			target = C7DBF5431AE22B6A00A8A37F /* AAAAA */;
			targetProxy = C7DBF5641AE22B6A00A8A37F /* PBXContainerItemProxy */;
		};
/* End PBXTargetDependency section */

/* Begin PBXVariantGroup section */
		C7DBF5571AE22B6A00A8A37F /* Main.storyboard */ = {
			isa = PBXVariantGroup;
			children = (
				C7DBF5581AE22B6A00A8A37F /* Base */,
			);
			name = Main.storyboard;
			sourceTree = "<group>";
		};
		C7DBF55C1AE22B6A00A8A37F /* LaunchScreen.xib */ = {
			isa = PBXVariantGroup;
			children = (
				C7DBF55D1AE22B6A00A8A37F /* Base */,
			);
			name = LaunchScreen.xib;
			sourceTree = "<group>";
		};
/* End PBXVariantGroup section */

/* Begin XCBuildConfiguration section */
		C7DBF56B1AE22B6A00A8A37F /* Debug */ = {
			isa = XCBuildConfiguration;
			buildSettings = {
				ALWAYS_SEARCH_USER_PATHS = NO;
				CLANG_CXX_LANGUAGE_STANDARD = "gnu++0x";
				CLANG_CXX_LIBRARY = "libc++";
				CLANG_ENABLE_MODULES = YES;
				CLANG_ENABLE_OBJC_ARC = YES;
				CLANG_WARN_BOOL_CONVERSION = YES;
				CLANG_WARN_CONSTANT_CONVERSION = YES;
				CLANG_WARN_DIRECT_OBJC_ISA_USAGE = YES_ERROR;
				CLANG_WARN_EMPTY_BODY = YES;
				CLANG_WARN_ENUM_CONVERSION = YES;
				CLANG_WARN_INT_CONVERSION = YES;
				CLANG_WARN_OBJC_ROOT_CLASS = YES_ERROR;
				CLANG_WARN_UNREACHABLE_CODE = YES;
				CLANG_WARN__DUPLICATE_METHOD_MATCH = YES;
				"CODE_SIGN_IDENTITY[sdk=iphoneos*]" = "iPhone Developer";
				COPY_PHASE_STRIP = NO;
				DEBUG_INFORMATION_FORMAT = "dwarf-with-dsym";
				ENABLE_STRICT_OBJC_MSGSEND = YES;
				GCC_C_LANGUAGE_STANDARD = gnu99;
				GCC_DYNAMIC_NO_PIC = NO;
				GCC_NO_COMMON_BLOCKS = YES;
				GCC_OPTIMIZATION_LEVEL = 0;
				GCC_PREPROCESSOR_DEFINITIONS = (
					"DEBUG=1",
					"$(inherited)",
				);
				GCC_SYMBOLS_PRIVATE_EXTERN = NO;
				GCC_WARN_64_TO_32_BIT_CONVERSION = YES;
				GCC_WARN_ABOUT_RETURN_TYPE = YES_ERROR;
				GCC_WARN_UNDECLARED_SELECTOR = YES;
				GCC_WARN_UNINITIALIZED_AUTOS = YES_AGGRESSIVE;
				GCC_WARN_UNUSED_FUNCTION = YES;
				GCC_WARN_UNUSED_VARIABLE = YES;
				IPHONEOS_DEPLOYMENT_TARGET = 8.3;
				MTL_ENABLE_DEBUG_INFO = YES;
				ONLY_ACTIVE_ARCH = YES;
				SDKROOT = iphoneos;
				TARGETED_DEVICE_FAMILY = "1,2";
			};
			name = Debug;
		};
		C7DBF56C1AE22B6A00A8A37F /* Release */ = {
			isa = XCBuildConfiguration;
			buildSettings = {
				ALWAYS_SEARCH_USER_PATHS = NO;
				CLANG_CXX_LANGUAGE_STANDARD = "gnu++0x";
				CLANG_CXX_LIBRARY = "libc++";
				CLANG_ENABLE_MODULES = YES;
				CLANG_ENABLE_OBJC_ARC = YES;
				CLANG_WARN_BOOL_CONVERSION = YES;
				CLANG_WARN_CONSTANT_CONVERSION = YES;
				CLANG_WARN_DIRECT_OBJC_ISA_USAGE = YES_ERROR;
				CLANG_WARN_EMPTY_BODY = YES;
				CLANG_WARN_ENUM_CONVERSION = YES;
				CLANG_WARN_INT_CONVERSION = YES;
				CLANG_WARN_OBJC_ROOT_CLASS = YES_ERROR;
				CLANG_WARN_UNREACHABLE_CODE = YES;
				CLANG_WARN__DUPLICATE_METHOD_MATCH = YES;
				"CODE_SIGN_IDENTITY[sdk=iphoneos*]" = "iPhone Developer";
				COPY_PHASE_STRIP = NO;
				DEBUG_INFORMATION_FORMAT = "dwarf-with-dsym";
				ENABLE_NS_ASSERTIONS = NO;
				ENABLE_STRICT_OBJC_MSGSEND = YES;
				GCC_C_LANGUAGE_STANDARD = gnu99;
				GCC_NO_COMMON_BLOCKS = YES;
				GCC_WARN_64_TO_32_BIT_CONVERSION = YES;
				GCC_WARN_ABOUT_RETURN_TYPE = YES_ERROR;
				GCC_WARN_UNDECLARED_SELECTOR = YES;
				GCC_WARN_UNINITIALIZED_AUTOS = YES_AGGRESSIVE;
				GCC_WARN_UNUSED_FUNCTION = YES;
				GCC_WARN_UNUSED_VARIABLE = YES;
				IPHONEOS_DEPLOYMENT_TARGET = 8.3;
				MTL_ENABLE_DEBUG_INFO = NO;
				SDKROOT = iphoneos;
				TARGETED_DEVICE_FAMILY = "1,2";
				VALIDATE_PRODUCT = YES;
			};
			name = Release;
		};
		C7DBF56E1AE22B6A00A8A37F /* Debug */ = {
			isa = XCBuildConfiguration;
			buildSettings = {
				ASSETCATALOG_COMPILER_APPICON_NAME = AppIcon;
				INFOPLIST_FILE = AAAAA/Info.plist;
				LD_RUNPATH_SEARCH_PATHS = "$(inherited) @executable_path/Frameworks";
				PRODUCT_NAME = "$(TARGET_NAME)";
			};
			name = Debug;
		};
		C7DBF56F1AE22B6A00A8A37F /* Release */ = {
			isa = XCBuildConfiguration;
			buildSettings = {
				ASSETCATALOG_COMPILER_APPICON_NAME = AppIcon;
				INFOPLIST_FILE = AAAAA/Info.plist;
				LD_RUNPATH_SEARCH_PATHS = "$(inherited) @executable_path/Frameworks";
				PRODUCT_NAME = "$(TARGET_NAME)";
			};
			name = Release;
		};
		C7DBF5711AE22B6A00A8A37F /* Debug */ = {
			isa = XCBuildConfiguration;
			buildSettings = {
				BUNDLE_LOADER = "$(TEST_HOST)";
				FRAMEWORK_SEARCH_PATHS = (
					"$(SDKROOT)/Developer/Library/Frameworks",
					"$(inherited)",
				);
				GCC_PREPROCESSOR_DEFINITIONS = (
					"DEBUG=1",
					"$(inherited)",
				);
				INFOPLIST_FILE = AAAAATests/Info.plist;
				LD_RUNPATH_SEARCH_PATHS = "$(inherited) @executable_path/Frameworks @loader_path/Frameworks";
				PRODUCT_NAME = "$(TARGET_NAME)";
				TEST_HOST = "$(BUILT_PRODUCTS_DIR)/AAAAA.app/AAAAA";
			};
			name = Debug;
		};
		C7DBF5721AE22B6A00A8A37F /* Release */ = {
			isa = XCBuildConfiguration;
			buildSettings = {
				BUNDLE_LOADER = "$(TEST_HOST)";
				FRAMEWORK_SEARCH_PATHS = (
					"$(SDKROOT)/Developer/Library/Frameworks",
					"$(inherited)",
				);
				INFOPLIST_FILE = AAAAATests/Info.plist;
				LD_RUNPATH_SEARCH_PATHS = "$(inherited) @executable_path/Frameworks @loader_path/Frameworks";
				PRODUCT_NAME = "$(TARGET_NAME)";
				TEST_HOST = "$(BUILT_PRODUCTS_DIR)/AAAAA.app/AAAAA";
			};
			name = Release;
		};
/* End XCBuildConfiguration section */

/* Begin XCConfigurationList section */
		C7DBF53F1AE22B6A00A8A37F /* Build configuration list for PBXProject "AAAAA" */ = {
			isa = XCConfigurationList;
			buildConfigurations = (
				C7DBF56B1AE22B6A00A8A37F /* Debug */,
				C7DBF56C1AE22B6A00A8A37F /* Release */,
			);
			defaultConfigurationIsVisible = 0;
			defaultConfigurationName = Release;
		};
		C7DBF56D1AE22B6A00A8A37F /* Build configuration list for PBXNativeTarget "AAAAA" */ = {
			isa = XCConfigurationList;
			buildConfigurations = (
				C7DBF56E1AE22B6A00A8A37F /* Debug */,
				C7DBF56F1AE22B6A00A8A37F /* Release */,
			);
			defaultConfigurationIsVisible = 0;
		};
		C7DBF5701AE22B6A00A8A37F /* Build configuration list for PBXNativeTarget "AAAAATests" */ = {
			isa = XCConfigurationList;
			buildConfigurations = (
				C7DBF5711AE22B6A00A8A37F /* Debug */,
				C7DBF5721AE22B6A00A8A37F /* Release */,
			);
			defaultConfigurationIsVisible = 0;
		};
/* End XCConfigurationList section */

/* Begin XCVersionGroup section */
		C7DBF54E1AE22B6A00A8A37F /* AAAAA.xcdatamodeld */ = {
			isa = XCVersionGroup;
			children = (
				C7DBF54F1AE22B6A00A8A37F /* AAAAA.xcdatamodel */,
			);
			currentVersion = C7DBF54F1AE22B6A00A8A37F /* AAAAA.xcdatamodel */;
			path = AAAAA.xcdatamodeld;
			sourceTree = "<group>";
			versionGroupType = wrapper.xcdatamodel;
		};
/* End XCVersionGroup section */
	};
	rootObject = C7DBF53C1AE22B6A00A8A37F /* Project object */;
}
