// !$*UTF8*$!
{
	archiveVersion = 1;
	classes = {
	};
	objectVersion = 46;
	objects = {

/* Begin PBXBuildFile section */
		C74597701A874D66005343BD /* main.m in Sources */ = {isa = PBXBuildFile; fileRef = C745976F1A874D66005343BD /* main.m */; };
		C74597731A874D66005343BD /* AppDelegate.m in Sources */ = {isa = PBXBuildFile; fileRef = C74597721A874D66005343BD /* AppDelegate.m */; };
		C745977B1A874D66005343BD /* Images.xcassets in Resources */ = {isa = PBXBuildFile; fileRef = C745977A1A874D66005343BD /* Images.xcassets */; };
		C745977E1A874D66005343BD /* LaunchScreen.xib in Resources */ = {isa = PBXBuildFile; fileRef = C745977C1A874D66005343BD /* LaunchScreen.xib */; };
		C745978A1A874D66005343BD /* TestView7FileManagerTests.m in Sources */ = {isa = PBXBuildFile; fileRef = C74597891A874D66005343BD /* TestView7FileManagerTests.m */; };
		C74597991A874EE1005343BD /* ic_file.png in Resources */ = {isa = PBXBuildFile; fileRef = C74597971A874EE1005343BD /* ic_file.png */; };
		C745979A1A874EE1005343BD /* ic_folder.png in Resources */ = {isa = PBXBuildFile; fileRef = C74597981A874EE1005343BD /* ic_folder.png */; };
		C74597A01A874FF9005343BD /* DirectoryTableViewController.m in Sources */ = {isa = PBXBuildFile; fileRef = C745979F1A874FF9005343BD /* DirectoryTableViewController.m */; };
		C7564A8F1A89DE1400DB3916 /* Directory.storyboard in Resources */ = {isa = PBXBuildFile; fileRef = C7564A8E1A89DE1400DB3916 /* Directory.storyboard */; };
		C7564A921A89E76300DB3916 /* FIleCellTableViewCell.m in Sources */ = {isa = PBXBuildFile; fileRef = C7564A911A89E76300DB3916 /* FIleCellTableViewCell.m */; };
		C7564A961A89F55100DB3916 /* UIView+UITableViewCell.m in Sources */ = {isa = PBXBuildFile; fileRef = C7564A951A89F55100DB3916 /* UIView+UITableViewCell.m */; };
/* End PBXBuildFile section */

/* Begin PBXContainerItemProxy section */
		C74597841A874D66005343BD /* PBXContainerItemProxy */ = {
			isa = PBXContainerItemProxy;
			containerPortal = C74597621A874D66005343BD /* Project object */;
			proxyType = 1;
			remoteGlobalIDString = C74597691A874D66005343BD;
			remoteInfo = TestView7FileManager;
		};
/* End PBXContainerItemProxy section */

/* Begin PBXFileReference section */
		C745976A1A874D66005343BD /* TestView7FileManager.app */ = {isa = PBXFileReference; explicitFileType = wrapper.application; includeInIndex = 0; path = TestView7FileManager.app; sourceTree = BUILT_PRODUCTS_DIR; };
		C745976E1A874D66005343BD /* Info.plist */ = {isa = PBXFileReference; lastKnownFileType = text.plist.xml; path = Info.plist; sourceTree = "<group>"; };
		C745976F1A874D66005343BD /* main.m */ = {isa = PBXFileReference; lastKnownFileType = sourcecode.c.objc; path = main.m; sourceTree = "<group>"; };
		C74597711A874D66005343BD /* AppDelegate.h */ = {isa = PBXFileReference; lastKnownFileType = sourcecode.c.h; path = AppDelegate.h; sourceTree = "<group>"; };
		C74597721A874D66005343BD /* AppDelegate.m */ = {isa = PBXFileReference; lastKnownFileType = sourcecode.c.objc; path = AppDelegate.m; sourceTree = "<group>"; };
		C745977A1A874D66005343BD /* Images.xcassets */ = {isa = PBXFileReference; lastKnownFileType = folder.assetcatalog; path = Images.xcassets; sourceTree = "<group>"; };
		C745977D1A874D66005343BD /* Base */ = {isa = PBXFileReference; lastKnownFileType = file.xib; name = Base; path = Base.lproj/LaunchScreen.xib; sourceTree = "<group>"; };
		C74597831A874D66005343BD /* TestView7FileManagerTests.xctest */ = {isa = PBXFileReference; explicitFileType = wrapper.cfbundle; includeInIndex = 0; path = TestView7FileManagerTests.xctest; sourceTree = BUILT_PRODUCTS_DIR; };
		C74597881A874D66005343BD /* Info.plist */ = {isa = PBXFileReference; lastKnownFileType = text.plist.xml; path = Info.plist; sourceTree = "<group>"; };
		C74597891A874D66005343BD /* TestView7FileManagerTests.m */ = {isa = PBXFileReference; lastKnownFileType = sourcecode.c.objc; path = TestView7FileManagerTests.m; sourceTree = "<group>"; };
		C74597971A874EE1005343BD /* ic_file.png */ = {isa = PBXFileReference; lastKnownFileType = image.png; path = ic_file.png; sourceTree = "<group>"; };
		C74597981A874EE1005343BD /* ic_folder.png */ = {isa = PBXFileReference; lastKnownFileType = image.png; path = ic_folder.png; sourceTree = "<group>"; };
		C745979E1A874FF9005343BD /* DirectoryTableViewController.h */ = {isa = PBXFileReference; fileEncoding = 4; lastKnownFileType = sourcecode.c.h; path = DirectoryTableViewController.h; sourceTree = "<group>"; };
		C745979F1A874FF9005343BD /* DirectoryTableViewController.m */ = {isa = PBXFileReference; fileEncoding = 4; lastKnownFileType = sourcecode.c.objc; path = DirectoryTableViewController.m; sourceTree = "<group>"; };
		C7564A8E1A89DE1400DB3916 /* Directory.storyboard */ = {isa = PBXFileReference; fileEncoding = 4; lastKnownFileType = file.storyboard; path = Directory.storyboard; sourceTree = "<group>"; };
		C7564A901A89E76300DB3916 /* FIleCellTableViewCell.h */ = {isa = PBXFileReference; fileEncoding = 4; lastKnownFileType = sourcecode.c.h; path = FIleCellTableViewCell.h; sourceTree = "<group>"; };
		C7564A911A89E76300DB3916 /* FIleCellTableViewCell.m */ = {isa = PBXFileReference; fileEncoding = 4; lastKnownFileType = sourcecode.c.objc; path = FIleCellTableViewCell.m; sourceTree = "<group>"; };
		C7564A941A89F55100DB3916 /* UIView+UITableViewCell.h */ = {isa = PBXFileReference; fileEncoding = 4; lastKnownFileType = sourcecode.c.h; path = "UIView+UITableViewCell.h"; sourceTree = "<group>"; };
		C7564A951A89F55100DB3916 /* UIView+UITableViewCell.m */ = {isa = PBXFileReference; fileEncoding = 4; lastKnownFileType = sourcecode.c.objc; path = "UIView+UITableViewCell.m"; sourceTree = "<group>"; };
/* End PBXFileReference section */

/* Begin PBXFrameworksBuildPhase section */
		C74597671A874D66005343BD /* Frameworks */ = {
			isa = PBXFrameworksBuildPhase;
			buildActionMask = 2147483647;
			files = (
			);
			runOnlyForDeploymentPostprocessing = 0;
		};
		C74597801A874D66005343BD /* Frameworks */ = {
			isa = PBXFrameworksBuildPhase;
			buildActionMask = 2147483647;
			files = (
			);
			runOnlyForDeploymentPostprocessing = 0;
		};
/* End PBXFrameworksBuildPhase section */

/* Begin PBXGroup section */
		C74597611A874D66005343BD = {
			isa = PBXGroup;
			children = (
				C74597961A874EE1005343BD /* Images */,
				C745976C1A874D66005343BD /* TestView7FileManager */,
				C74597861A874D66005343BD /* TestView7FileManagerTests */,
				C745976B1A874D66005343BD /* Products */,
			);
			sourceTree = "<group>";
		};
		C745976B1A874D66005343BD /* Products */ = {
			isa = PBXGroup;
			children = (
				C745976A1A874D66005343BD /* TestView7FileManager.app */,
				C74597831A874D66005343BD /* TestView7FileManagerTests.xctest */,
			);
			name = Products;
			sourceTree = "<group>";
		};
		C745976C1A874D66005343BD /* TestView7FileManager */ = {
			isa = PBXGroup;
			children = (
				C74597711A874D66005343BD /* AppDelegate.h */,
				C74597721A874D66005343BD /* AppDelegate.m */,
				C745979E1A874FF9005343BD /* DirectoryTableViewController.h */,
				C745979F1A874FF9005343BD /* DirectoryTableViewController.m */,
				C7564A8E1A89DE1400DB3916 /* Directory.storyboard */,
				C7564A941A89F55100DB3916 /* UIView+UITableViewCell.h */,
				C7564A951A89F55100DB3916 /* UIView+UITableViewCell.m */,
				C7564A931A89E76B00DB3916 /* Cell */,
				C745977A1A874D66005343BD /* Images.xcassets */,
				C745977C1A874D66005343BD /* LaunchScreen.xib */,
				C745976D1A874D66005343BD /* Supporting Files */,
			);
			path = TestView7FileManager;
			sourceTree = "<group>";
		};
		C745976D1A874D66005343BD /* Supporting Files */ = {
			isa = PBXGroup;
			children = (
				C745976E1A874D66005343BD /* Info.plist */,
				C745976F1A874D66005343BD /* main.m */,
			);
			name = "Supporting Files";
			sourceTree = "<group>";
		};
		C74597861A874D66005343BD /* TestView7FileManagerTests */ = {
			isa = PBXGroup;
			children = (
				C74597891A874D66005343BD /* TestView7FileManagerTests.m */,
				C74597871A874D66005343BD /* Supporting Files */,
			);
			path = TestView7FileManagerTests;
			sourceTree = "<group>";
		};
		C74597871A874D66005343BD /* Supporting Files */ = {
			isa = PBXGroup;
			children = (
				C74597881A874D66005343BD /* Info.plist */,
			);
			name = "Supporting Files";
			sourceTree = "<group>";
		};
		C74597961A874EE1005343BD /* Images */ = {
			isa = PBXGroup;
			children = (
				C74597971A874EE1005343BD /* ic_file.png */,
				C74597981A874EE1005343BD /* ic_folder.png */,
			);
			name = Images;
			path = TestView7FileManager/Images;
			sourceTree = "<group>";
		};
		C7564A931A89E76B00DB3916 /* Cell */ = {
			isa = PBXGroup;
			children = (
				C7564A901A89E76300DB3916 /* FIleCellTableViewCell.h */,
				C7564A911A89E76300DB3916 /* FIleCellTableViewCell.m */,
			);
			name = Cell;
			sourceTree = "<group>";
		};
/* End PBXGroup section */

/* Begin PBXNativeTarget section */
		C74597691A874D66005343BD /* TestView7FileManager */ = {
			isa = PBXNativeTarget;
			buildConfigurationList = C745978D1A874D66005343BD /* Build configuration list for PBXNativeTarget "TestView7FileManager" */;
			buildPhases = (
				C74597661A874D66005343BD /* Sources */,
				C74597671A874D66005343BD /* Frameworks */,
				C74597681A874D66005343BD /* Resources */,
			);
			buildRules = (
			);
			dependencies = (
			);
			name = TestView7FileManager;
			productName = TestView7FileManager;
			productReference = C745976A1A874D66005343BD /* TestView7FileManager.app */;
			productType = "com.apple.product-type.application";
		};
		C74597821A874D66005343BD /* TestView7FileManagerTests */ = {
			isa = PBXNativeTarget;
			buildConfigurationList = C74597901A874D66005343BD /* Build configuration list for PBXNativeTarget "TestView7FileManagerTests" */;
			buildPhases = (
				C745977F1A874D66005343BD /* Sources */,
				C74597801A874D66005343BD /* Frameworks */,
				C74597811A874D66005343BD /* Resources */,
			);
			buildRules = (
			);
			dependencies = (
				C74597851A874D66005343BD /* PBXTargetDependency */,
			);
			name = TestView7FileManagerTests;
			productName = TestView7FileManagerTests;
			productReference = C74597831A874D66005343BD /* TestView7FileManagerTests.xctest */;
			productType = "com.apple.product-type.bundle.unit-test";
		};
/* End PBXNativeTarget section */

/* Begin PBXProject section */
		C74597621A874D66005343BD /* Project object */ = {
			isa = PBXProject;
			attributes = {
				LastUpgradeCheck = 0610;
				ORGANIZATIONNAME = "Andriy Bas";
				TargetAttributes = {
					C74597691A874D66005343BD = {
						CreatedOnToolsVersion = 6.1.1;
					};
					C74597821A874D66005343BD = {
						CreatedOnToolsVersion = 6.1.1;
						TestTargetID = C74597691A874D66005343BD;
					};
				};
			};
			buildConfigurationList = C74597651A874D66005343BD /* Build configuration list for PBXProject "TestView7FileManager" */;
			compatibilityVersion = "Xcode 3.2";
			developmentRegion = English;
			hasScannedForEncodings = 0;
			knownRegions = (
				en,
				Base,
			);
			mainGroup = C74597611A874D66005343BD;
			productRefGroup = C745976B1A874D66005343BD /* Products */;
			projectDirPath = "";
			projectRoot = "";
			targets = (
				C74597691A874D66005343BD /* TestView7FileManager */,
				C74597821A874D66005343BD /* TestView7FileManagerTests */,
			);
		};
/* End PBXProject section */

/* Begin PBXResourcesBuildPhase section */
		C74597681A874D66005343BD /* Resources */ = {
			isa = PBXResourcesBuildPhase;
			buildActionMask = 2147483647;
			files = (
				C745979A1A874EE1005343BD /* ic_folder.png in Resources */,
				C7564A8F1A89DE1400DB3916 /* Directory.storyboard in Resources */,
				C745977E1A874D66005343BD /* LaunchScreen.xib in Resources */,
				C745977B1A874D66005343BD /* Images.xcassets in Resources */,
				C74597991A874EE1005343BD /* ic_file.png in Resources */,
			);
			runOnlyForDeploymentPostprocessing = 0;
		};
		C74597811A874D66005343BD /* Resources */ = {
			isa = PBXResourcesBuildPhase;
			buildActionMask = 2147483647;
			files = (
			);
			runOnlyForDeploymentPostprocessing = 0;
		};
/* End PBXResourcesBuildPhase section */

/* Begin PBXSourcesBuildPhase section */
		C74597661A874D66005343BD /* Sources */ = {
			isa = PBXSourcesBuildPhase;
			buildActionMask = 2147483647;
			files = (
				C74597731A874D66005343BD /* AppDelegate.m in Sources */,
				C7564A921A89E76300DB3916 /* FIleCellTableViewCell.m in Sources */,
				C74597701A874D66005343BD /* main.m in Sources */,
				C74597A01A874FF9005343BD /* DirectoryTableViewController.m in Sources */,
				C7564A961A89F55100DB3916 /* UIView+UITableViewCell.m in Sources */,
			);
			runOnlyForDeploymentPostprocessing = 0;
		};
		C745977F1A874D66005343BD /* Sources */ = {
			isa = PBXSourcesBuildPhase;
			buildActionMask = 2147483647;
			files = (
				C745978A1A874D66005343BD /* TestView7FileManagerTests.m in Sources */,
			);
			runOnlyForDeploymentPostprocessing = 0;
		};
/* End PBXSourcesBuildPhase section */

/* Begin PBXTargetDependency section */
		C74597851A874D66005343BD /* PBXTargetDependency */ = {
			isa = PBXTargetDependency;
			target = C74597691A874D66005343BD /* TestView7FileManager */;
			targetProxy = C74597841A874D66005343BD /* PBXContainerItemProxy */;
		};
/* End PBXTargetDependency section */

/* Begin PBXVariantGroup section */
		C745977C1A874D66005343BD /* LaunchScreen.xib */ = {
			isa = PBXVariantGroup;
			children = (
				C745977D1A874D66005343BD /* Base */,
			);
			name = LaunchScreen.xib;
			sourceTree = "<group>";
		};
/* End PBXVariantGroup section */

/* Begin XCBuildConfiguration section */
		C745978B1A874D66005343BD /* Debug */ = {
			isa = XCBuildConfiguration;
			buildSettings = {
				ALWAYS_SEARCH_USER_PATHS = NO;
				CLANG_CXX_LANGUAGE_STANDARD = "gnu++0x";
				CLANG_CXX_LIBRARY = "libc++";
				CLANG_ENABLE_MODULES = YES;
				CLANG_ENABLE_OBJC_ARC = YES;
				CLANG_WARN_BOOL_CONVERSION = YES;
				CLANG_WARN_CONSTANT_CONVERSION = YES;
				CLANG_WARN_DIRECT_OBJC_ISA_USAGE = YES_ERROR;
				CLANG_WARN_EMPTY_BODY = YES;
				CLANG_WARN_ENUM_CONVERSION = YES;
				CLANG_WARN_INT_CONVERSION = YES;
				CLANG_WARN_OBJC_ROOT_CLASS = YES_ERROR;
				CLANG_WARN_UNREACHABLE_CODE = YES;
				CLANG_WARN__DUPLICATE_METHOD_MATCH = YES;
				"CODE_SIGN_IDENTITY[sdk=iphoneos*]" = "iPhone Developer";
				COPY_PHASE_STRIP = NO;
				ENABLE_STRICT_OBJC_MSGSEND = YES;
				GCC_C_LANGUAGE_STANDARD = gnu99;
				GCC_DYNAMIC_NO_PIC = NO;
				GCC_OPTIMIZATION_LEVEL = 0;
				GCC_PREPROCESSOR_DEFINITIONS = (
					"DEBUG=1",
					"$(inherited)",
				);
				GCC_SYMBOLS_PRIVATE_EXTERN = NO;
				GCC_WARN_64_TO_32_BIT_CONVERSION = YES;
				GCC_WARN_ABOUT_RETURN_TYPE = YES_ERROR;
				GCC_WARN_UNDECLARED_SELECTOR = YES;
				GCC_WARN_UNINITIALIZED_AUTOS = YES_AGGRESSIVE;
				GCC_WARN_UNUSED_FUNCTION = YES;
				GCC_WARN_UNUSED_VARIABLE = YES;
				IPHONEOS_DEPLOYMENT_TARGET = 8.1;
				MTL_ENABLE_DEBUG_INFO = YES;
				ONLY_ACTIVE_ARCH = YES;
				SDKROOT = iphoneos;
				TARGETED_DEVICE_FAMILY = "1,2";
			};
			name = Debug;
		};
		C745978C1A874D66005343BD /* Release */ = {
			isa = XCBuildConfiguration;
			buildSettings = {
				ALWAYS_SEARCH_USER_PATHS = NO;
				CLANG_CXX_LANGUAGE_STANDARD = "gnu++0x";
				CLANG_CXX_LIBRARY = "libc++";
				CLANG_ENABLE_MODULES = YES;
				CLANG_ENABLE_OBJC_ARC = YES;
				CLANG_WARN_BOOL_CONVERSION = YES;
				CLANG_WARN_CONSTANT_CONVERSION = YES;
				CLANG_WARN_DIRECT_OBJC_ISA_USAGE = YES_ERROR;
				CLANG_WARN_EMPTY_BODY = YES;
				CLANG_WARN_ENUM_CONVERSION = YES;
				CLANG_WARN_INT_CONVERSION = YES;
				CLANG_WARN_OBJC_ROOT_CLASS = YES_ERROR;
				CLANG_WARN_UNREACHABLE_CODE = YES;
				CLANG_WARN__DUPLICATE_METHOD_MATCH = YES;
				"CODE_SIGN_IDENTITY[sdk=iphoneos*]" = "iPhone Developer";
				COPY_PHASE_STRIP = YES;
				ENABLE_NS_ASSERTIONS = NO;
				ENABLE_STRICT_OBJC_MSGSEND = YES;
				GCC_C_LANGUAGE_STANDARD = gnu99;
				GCC_WARN_64_TO_32_BIT_CONVERSION = YES;
				GCC_WARN_ABOUT_RETURN_TYPE = YES_ERROR;
				GCC_WARN_UNDECLARED_SELECTOR = YES;
				GCC_WARN_UNINITIALIZED_AUTOS = YES_AGGRESSIVE;
				GCC_WARN_UNUSED_FUNCTION = YES;
				GCC_WARN_UNUSED_VARIABLE = YES;
				IPHONEOS_DEPLOYMENT_TARGET = 8.1;
				MTL_ENABLE_DEBUG_INFO = NO;
				SDKROOT = iphoneos;
				TARGETED_DEVICE_FAMILY = "1,2";
				VALIDATE_PRODUCT = YES;
			};
			name = Release;
		};
		C745978E1A874D66005343BD /* Debug */ = {
			isa = XCBuildConfiguration;
			buildSettings = {
				ASSETCATALOG_COMPILER_APPICON_NAME = AppIcon;
				INFOPLIST_FILE = TestView7FileManager/Info.plist;
				LD_RUNPATH_SEARCH_PATHS = "$(inherited) @executable_path/Frameworks";
				PRODUCT_NAME = "$(TARGET_NAME)";
			};
			name = Debug;
		};
		C745978F1A874D66005343BD /* Release */ = {
			isa = XCBuildConfiguration;
			buildSettings = {
				ASSETCATALOG_COMPILER_APPICON_NAME = AppIcon;
				INFOPLIST_FILE = TestView7FileManager/Info.plist;
				LD_RUNPATH_SEARCH_PATHS = "$(inherited) @executable_path/Frameworks";
				PRODUCT_NAME = "$(TARGET_NAME)";
			};
			name = Release;
		};
		C74597911A874D66005343BD /* Debug */ = {
			isa = XCBuildConfiguration;
			buildSettings = {
				BUNDLE_LOADER = "$(TEST_HOST)";
				FRAMEWORK_SEARCH_PATHS = (
					"$(SDKROOT)/Developer/Library/Frameworks",
					"$(inherited)",
				);
				GCC_PREPROCESSOR_DEFINITIONS = (
					"DEBUG=1",
					"$(inherited)",
				);
				INFOPLIST_FILE = TestView7FileManagerTests/Info.plist;
				LD_RUNPATH_SEARCH_PATHS = "$(inherited) @executable_path/Frameworks @loader_path/Frameworks";
				PRODUCT_NAME = "$(TARGET_NAME)";
				TEST_HOST = "$(BUILT_PRODUCTS_DIR)/TestView7FileManager.app/TestView7FileManager";
			};
			name = Debug;
		};
		C74597921A874D66005343BD /* Release */ = {
			isa = XCBuildConfiguration;
			buildSettings = {
				BUNDLE_LOADER = "$(TEST_HOST)";
				FRAMEWORK_SEARCH_PATHS = (
					"$(SDKROOT)/Developer/Library/Frameworks",
					"$(inherited)",
				);
				INFOPLIST_FILE = TestView7FileManagerTests/Info.plist;
				LD_RUNPATH_SEARCH_PATHS = "$(inherited) @executable_path/Frameworks @loader_path/Frameworks";
				PRODUCT_NAME = "$(TARGET_NAME)";
				TEST_HOST = "$(BUILT_PRODUCTS_DIR)/TestView7FileManager.app/TestView7FileManager";
			};
			name = Release;
		};
/* End XCBuildConfiguration section */

/* Begin XCConfigurationList section */
		C74597651A874D66005343BD /* Build configuration list for PBXProject "TestView7FileManager" */ = {
			isa = XCConfigurationList;
			buildConfigurations = (
				C745978B1A874D66005343BD /* Debug */,
				C745978C1A874D66005343BD /* Release */,
			);
			defaultConfigurationIsVisible = 0;
			defaultConfigurationName = Release;
		};
		C745978D1A874D66005343BD /* Build configuration list for PBXNativeTarget "TestView7FileManager" */ = {
			isa = XCConfigurationList;
			buildConfigurations = (
				C745978E1A874D66005343BD /* Debug */,
				C745978F1A874D66005343BD /* Release */,
			);
			defaultConfigurationIsVisible = 0;
			defaultConfigurationName = Release;
		};
		C74597901A874D66005343BD /* Build configuration list for PBXNativeTarget "TestView7FileManagerTests" */ = {
			isa = XCConfigurationList;
			buildConfigurations = (
				C74597911A874D66005343BD /* Debug */,
				C74597921A874D66005343BD /* Release */,
			);
			defaultConfigurationIsVisible = 0;
			defaultConfigurationName = Release;
		};
/* End XCConfigurationList section */
	};
	rootObject = C74597621A874D66005343BD /* Project object */;
}
