// !$*UTF8*$!
{
	archiveVersion = 1;
	classes = {
	};
	objectVersion = 46;
	objects = {

/* Begin PBXBuildFile section */
		C70E71D11AA3298C005FF046 /* main.m in Sources */ = {isa = PBXBuildFile; fileRef = C70E71D01AA3298C005FF046 /* main.m */; };
		C70E71D41AA3298C005FF046 /* AppDelegate.m in Sources */ = {isa = PBXBuildFile; fileRef = C70E71D31AA3298C005FF046 /* AppDelegate.m */; };
		C70E71D71AA3298C005FF046 /* ViewController.m in Sources */ = {isa = PBXBuildFile; fileRef = C70E71D61AA3298C005FF046 /* ViewController.m */; };
		C70E71DA1AA3298C005FF046 /* Main.storyboard in Resources */ = {isa = PBXBuildFile; fileRef = C70E71D81AA3298C005FF046 /* Main.storyboard */; };
		C70E71DC1AA3298C005FF046 /* Images.xcassets in Resources */ = {isa = PBXBuildFile; fileRef = C70E71DB1AA3298C005FF046 /* Images.xcassets */; };
		C70E71DF1AA3298C005FF046 /* LaunchScreen.xib in Resources */ = {isa = PBXBuildFile; fileRef = C70E71DD1AA3298C005FF046 /* LaunchScreen.xib */; };
		C70E71EB1AA3298D005FF046 /* TestView11KVCandKVOTests.m in Sources */ = {isa = PBXBuildFile; fileRef = C70E71EA1AA3298D005FF046 /* TestView11KVCandKVOTests.m */; };
		C70E71F71AA329B6005FF046 /* Student.m in Sources */ = {isa = PBXBuildFile; fileRef = C70E71F61AA329B6005FF046 /* Student.m */; };
		C70E71FA1AA35414005FF046 /* Group.m in Sources */ = {isa = PBXBuildFile; fileRef = C70E71F91AA35414005FF046 /* Group.m */; };
/* End PBXBuildFile section */

/* Begin PBXContainerItemProxy section */
		C70E71E51AA3298C005FF046 /* PBXContainerItemProxy */ = {
			isa = PBXContainerItemProxy;
			containerPortal = C70E71C31AA3298C005FF046 /* Project object */;
			proxyType = 1;
			remoteGlobalIDString = C70E71CA1AA3298C005FF046;
			remoteInfo = TestView11KVCandKVO;
		};
/* End PBXContainerItemProxy section */

/* Begin PBXFileReference section */
		C70E71CB1AA3298C005FF046 /* TestView11KVCandKVO.app */ = {isa = PBXFileReference; explicitFileType = wrapper.application; includeInIndex = 0; path = TestView11KVCandKVO.app; sourceTree = BUILT_PRODUCTS_DIR; };
		C70E71CF1AA3298C005FF046 /* Info.plist */ = {isa = PBXFileReference; lastKnownFileType = text.plist.xml; path = Info.plist; sourceTree = "<group>"; };
		C70E71D01AA3298C005FF046 /* main.m */ = {isa = PBXFileReference; lastKnownFileType = sourcecode.c.objc; path = main.m; sourceTree = "<group>"; };
		C70E71D21AA3298C005FF046 /* AppDelegate.h */ = {isa = PBXFileReference; lastKnownFileType = sourcecode.c.h; path = AppDelegate.h; sourceTree = "<group>"; };
		C70E71D31AA3298C005FF046 /* AppDelegate.m */ = {isa = PBXFileReference; lastKnownFileType = sourcecode.c.objc; path = AppDelegate.m; sourceTree = "<group>"; };
		C70E71D51AA3298C005FF046 /* ViewController.h */ = {isa = PBXFileReference; lastKnownFileType = sourcecode.c.h; path = ViewController.h; sourceTree = "<group>"; };
		C70E71D61AA3298C005FF046 /* ViewController.m */ = {isa = PBXFileReference; lastKnownFileType = sourcecode.c.objc; path = ViewController.m; sourceTree = "<group>"; };
		C70E71D91AA3298C005FF046 /* Base */ = {isa = PBXFileReference; lastKnownFileType = file.storyboard; name = Base; path = Base.lproj/Main.storyboard; sourceTree = "<group>"; };
		C70E71DB1AA3298C005FF046 /* Images.xcassets */ = {isa = PBXFileReference; lastKnownFileType = folder.assetcatalog; path = Images.xcassets; sourceTree = "<group>"; };
		C70E71DE1AA3298C005FF046 /* Base */ = {isa = PBXFileReference; lastKnownFileType = file.xib; name = Base; path = Base.lproj/LaunchScreen.xib; sourceTree = "<group>"; };
		C70E71E41AA3298C005FF046 /* TestView11KVCandKVOTests.xctest */ = {isa = PBXFileReference; explicitFileType = wrapper.cfbundle; includeInIndex = 0; path = TestView11KVCandKVOTests.xctest; sourceTree = BUILT_PRODUCTS_DIR; };
		C70E71E91AA3298D005FF046 /* Info.plist */ = {isa = PBXFileReference; lastKnownFileType = text.plist.xml; path = Info.plist; sourceTree = "<group>"; };
		C70E71EA1AA3298D005FF046 /* TestView11KVCandKVOTests.m */ = {isa = PBXFileReference; lastKnownFileType = sourcecode.c.objc; path = TestView11KVCandKVOTests.m; sourceTree = "<group>"; };
		C70E71F51AA329B6005FF046 /* Student.h */ = {isa = PBXFileReference; fileEncoding = 4; lastKnownFileType = sourcecode.c.h; path = Student.h; sourceTree = "<group>"; };
		C70E71F61AA329B6005FF046 /* Student.m */ = {isa = PBXFileReference; fileEncoding = 4; lastKnownFileType = sourcecode.c.objc; path = Student.m; sourceTree = "<group>"; };
		C70E71F81AA35414005FF046 /* Group.h */ = {isa = PBXFileReference; fileEncoding = 4; lastKnownFileType = sourcecode.c.h; path = Group.h; sourceTree = "<group>"; };
		C70E71F91AA35414005FF046 /* Group.m */ = {isa = PBXFileReference; fileEncoding = 4; lastKnownFileType = sourcecode.c.objc; path = Group.m; sourceTree = "<group>"; };
/* End PBXFileReference section */

/* Begin PBXFrameworksBuildPhase section */
		C70E71C81AA3298C005FF046 /* Frameworks */ = {
			isa = PBXFrameworksBuildPhase;
			buildActionMask = 2147483647;
			files = (
			);
			runOnlyForDeploymentPostprocessing = 0;
		};
		C70E71E11AA3298C005FF046 /* Frameworks */ = {
			isa = PBXFrameworksBuildPhase;
			buildActionMask = 2147483647;
			files = (
			);
			runOnlyForDeploymentPostprocessing = 0;
		};
/* End PBXFrameworksBuildPhase section */

/* Begin PBXGroup section */
		C70E71C21AA3298C005FF046 = {
			isa = PBXGroup;
			children = (
				C70E71CD1AA3298C005FF046 /* TestView11KVCandKVO */,
				C70E71E71AA3298C005FF046 /* TestView11KVCandKVOTests */,
				C70E71CC1AA3298C005FF046 /* Products */,
			);
			sourceTree = "<group>";
		};
		C70E71CC1AA3298C005FF046 /* Products */ = {
			isa = PBXGroup;
			children = (
				C70E71CB1AA3298C005FF046 /* TestView11KVCandKVO.app */,
				C70E71E41AA3298C005FF046 /* TestView11KVCandKVOTests.xctest */,
			);
			name = Products;
			sourceTree = "<group>";
		};
		C70E71CD1AA3298C005FF046 /* TestView11KVCandKVO */ = {
			isa = PBXGroup;
			children = (
				C70E71D21AA3298C005FF046 /* AppDelegate.h */,
				C70E71D31AA3298C005FF046 /* AppDelegate.m */,
				C70E71F41AA329A4005FF046 /* Model */,
				C70E71D51AA3298C005FF046 /* ViewController.h */,
				C70E71D61AA3298C005FF046 /* ViewController.m */,
				C70E71D81AA3298C005FF046 /* Main.storyboard */,
				C70E71DB1AA3298C005FF046 /* Images.xcassets */,
				C70E71DD1AA3298C005FF046 /* LaunchScreen.xib */,
				C70E71CE1AA3298C005FF046 /* Supporting Files */,
			);
			path = TestView11KVCandKVO;
			sourceTree = "<group>";
		};
		C70E71CE1AA3298C005FF046 /* Supporting Files */ = {
			isa = PBXGroup;
			children = (
				C70E71CF1AA3298C005FF046 /* Info.plist */,
				C70E71D01AA3298C005FF046 /* main.m */,
			);
			name = "Supporting Files";
			sourceTree = "<group>";
		};
		C70E71E71AA3298C005FF046 /* TestView11KVCandKVOTests */ = {
			isa = PBXGroup;
			children = (
				C70E71EA1AA3298D005FF046 /* TestView11KVCandKVOTests.m */,
				C70E71E81AA3298D005FF046 /* Supporting Files */,
			);
			path = TestView11KVCandKVOTests;
			sourceTree = "<group>";
		};
		C70E71E81AA3298D005FF046 /* Supporting Files */ = {
			isa = PBXGroup;
			children = (
				C70E71E91AA3298D005FF046 /* Info.plist */,
			);
			name = "Supporting Files";
			sourceTree = "<group>";
		};
		C70E71F41AA329A4005FF046 /* Model */ = {
			isa = PBXGroup;
			children = (
				C70E71F51AA329B6005FF046 /* Student.h */,
				C70E71F61AA329B6005FF046 /* Student.m */,
				C70E71F81AA35414005FF046 /* Group.h */,
				C70E71F91AA35414005FF046 /* Group.m */,
			);
			name = Model;
			sourceTree = "<group>";
		};
/* End PBXGroup section */

/* Begin PBXNativeTarget section */
		C70E71CA1AA3298C005FF046 /* TestView11KVCandKVO */ = {
			isa = PBXNativeTarget;
			buildConfigurationList = C70E71EE1AA3298D005FF046 /* Build configuration list for PBXNativeTarget "TestView11KVCandKVO" */;
			buildPhases = (
				C70E71C71AA3298C005FF046 /* Sources */,
				C70E71C81AA3298C005FF046 /* Frameworks */,
				C70E71C91AA3298C005FF046 /* Resources */,
			);
			buildRules = (
			);
			dependencies = (
			);
			name = TestView11KVCandKVO;
			productName = TestView11KVCandKVO;
			productReference = C70E71CB1AA3298C005FF046 /* TestView11KVCandKVO.app */;
			productType = "com.apple.product-type.application";
		};
		C70E71E31AA3298C005FF046 /* TestView11KVCandKVOTests */ = {
			isa = PBXNativeTarget;
			buildConfigurationList = C70E71F11AA3298D005FF046 /* Build configuration list for PBXNativeTarget "TestView11KVCandKVOTests" */;
			buildPhases = (
				C70E71E01AA3298C005FF046 /* Sources */,
				C70E71E11AA3298C005FF046 /* Frameworks */,
				C70E71E21AA3298C005FF046 /* Resources */,
			);
			buildRules = (
			);
			dependencies = (
				C70E71E61AA3298C005FF046 /* PBXTargetDependency */,
			);
			name = TestView11KVCandKVOTests;
			productName = TestView11KVCandKVOTests;
			productReference = C70E71E41AA3298C005FF046 /* TestView11KVCandKVOTests.xctest */;
			productType = "com.apple.product-type.bundle.unit-test";
		};
/* End PBXNativeTarget section */

/* Begin PBXProject section */
		C70E71C31AA3298C005FF046 /* Project object */ = {
			isa = PBXProject;
			attributes = {
				LastUpgradeCheck = 0610;
				ORGANIZATIONNAME = "Andriy Bas";
				TargetAttributes = {
					C70E71CA1AA3298C005FF046 = {
						CreatedOnToolsVersion = 6.1.1;
					};
					C70E71E31AA3298C005FF046 = {
						CreatedOnToolsVersion = 6.1.1;
						TestTargetID = C70E71CA1AA3298C005FF046;
					};
				};
			};
			buildConfigurationList = C70E71C61AA3298C005FF046 /* Build configuration list for PBXProject "TestView11KVCandKVO" */;
			compatibilityVersion = "Xcode 3.2";
			developmentRegion = English;
			hasScannedForEncodings = 0;
			knownRegions = (
				en,
				Base,
			);
			mainGroup = C70E71C21AA3298C005FF046;
			productRefGroup = C70E71CC1AA3298C005FF046 /* Products */;
			projectDirPath = "";
			projectRoot = "";
			targets = (
				C70E71CA1AA3298C005FF046 /* TestView11KVCandKVO */,
				C70E71E31AA3298C005FF046 /* TestView11KVCandKVOTests */,
			);
		};
/* End PBXProject section */

/* Begin PBXResourcesBuildPhase section */
		C70E71C91AA3298C005FF046 /* Resources */ = {
			isa = PBXResourcesBuildPhase;
			buildActionMask = 2147483647;
			files = (
				C70E71DA1AA3298C005FF046 /* Main.storyboard in Resources */,
				C70E71DF1AA3298C005FF046 /* LaunchScreen.xib in Resources */,
				C70E71DC1AA3298C005FF046 /* Images.xcassets in Resources */,
			);
			runOnlyForDeploymentPostprocessing = 0;
		};
		C70E71E21AA3298C005FF046 /* Resources */ = {
			isa = PBXResourcesBuildPhase;
			buildActionMask = 2147483647;
			files = (
			);
			runOnlyForDeploymentPostprocessing = 0;
		};
/* End PBXResourcesBuildPhase section */

/* Begin PBXSourcesBuildPhase section */
		C70E71C71AA3298C005FF046 /* Sources */ = {
			isa = PBXSourcesBuildPhase;
			buildActionMask = 2147483647;
			files = (
				C70E71D71AA3298C005FF046 /* ViewController.m in Sources */,
				C70E71D41AA3298C005FF046 /* AppDelegate.m in Sources */,
				C70E71FA1AA35414005FF046 /* Group.m in Sources */,
				C70E71D11AA3298C005FF046 /* main.m in Sources */,
				C70E71F71AA329B6005FF046 /* Student.m in Sources */,
			);
			runOnlyForDeploymentPostprocessing = 0;
		};
		C70E71E01AA3298C005FF046 /* Sources */ = {
			isa = PBXSourcesBuildPhase;
			buildActionMask = 2147483647;
			files = (
				C70E71EB1AA3298D005FF046 /* TestView11KVCandKVOTests.m in Sources */,
			);
			runOnlyForDeploymentPostprocessing = 0;
		};
/* End PBXSourcesBuildPhase section */

/* Begin PBXTargetDependency section */
		C70E71E61AA3298C005FF046 /* PBXTargetDependency */ = {
			isa = PBXTargetDependency;
			target = C70E71CA1AA3298C005FF046 /* TestView11KVCandKVO */;
			targetProxy = C70E71E51AA3298C005FF046 /* PBXContainerItemProxy */;
		};
/* End PBXTargetDependency section */

/* Begin PBXVariantGroup section */
		C70E71D81AA3298C005FF046 /* Main.storyboard */ = {
			isa = PBXVariantGroup;
			children = (
				C70E71D91AA3298C005FF046 /* Base */,
			);
			name = Main.storyboard;
			sourceTree = "<group>";
		};
		C70E71DD1AA3298C005FF046 /* LaunchScreen.xib */ = {
			isa = PBXVariantGroup;
			children = (
				C70E71DE1AA3298C005FF046 /* Base */,
			);
			name = LaunchScreen.xib;
			sourceTree = "<group>";
		};
/* End PBXVariantGroup section */

/* Begin XCBuildConfiguration section */
		C70E71EC1AA3298D005FF046 /* Debug */ = {
			isa = XCBuildConfiguration;
			buildSettings = {
				ALWAYS_SEARCH_USER_PATHS = NO;
				CLANG_CXX_LANGUAGE_STANDARD = "gnu++0x";
				CLANG_CXX_LIBRARY = "libc++";
				CLANG_ENABLE_MODULES = YES;
				CLANG_ENABLE_OBJC_ARC = YES;
				CLANG_WARN_BOOL_CONVERSION = YES;
				CLANG_WARN_CONSTANT_CONVERSION = YES;
				CLANG_WARN_DIRECT_OBJC_ISA_USAGE = YES_ERROR;
				CLANG_WARN_EMPTY_BODY = YES;
				CLANG_WARN_ENUM_CONVERSION = YES;
				CLANG_WARN_INT_CONVERSION = YES;
				CLANG_WARN_OBJC_ROOT_CLASS = YES_ERROR;
				CLANG_WARN_UNREACHABLE_CODE = YES;
				CLANG_WARN__DUPLICATE_METHOD_MATCH = YES;
				"CODE_SIGN_IDENTITY[sdk=iphoneos*]" = "iPhone Developer";
				COPY_PHASE_STRIP = NO;
				ENABLE_STRICT_OBJC_MSGSEND = YES;
				GCC_C_LANGUAGE_STANDARD = gnu99;
				GCC_DYNAMIC_NO_PIC = NO;
				GCC_OPTIMIZATION_LEVEL = 0;
				GCC_PREPROCESSOR_DEFINITIONS = (
					"DEBUG=1",
					"$(inherited)",
				);
				GCC_SYMBOLS_PRIVATE_EXTERN = NO;
				GCC_WARN_64_TO_32_BIT_CONVERSION = YES;
				GCC_WARN_ABOUT_RETURN_TYPE = YES_ERROR;
				GCC_WARN_UNDECLARED_SELECTOR = YES;
				GCC_WARN_UNINITIALIZED_AUTOS = YES_AGGRESSIVE;
				GCC_WARN_UNUSED_FUNCTION = YES;
				GCC_WARN_UNUSED_VARIABLE = YES;
				IPHONEOS_DEPLOYMENT_TARGET = 8.1;
				MTL_ENABLE_DEBUG_INFO = YES;
				ONLY_ACTIVE_ARCH = YES;
				SDKROOT = iphoneos;
				TARGETED_DEVICE_FAMILY = "1,2";
			};
			name = Debug;
		};
		C70E71ED1AA3298D005FF046 /* Release */ = {
			isa = XCBuildConfiguration;
			buildSettings = {
				ALWAYS_SEARCH_USER_PATHS = NO;
				CLANG_CXX_LANGUAGE_STANDARD = "gnu++0x";
				CLANG_CXX_LIBRARY = "libc++";
				CLANG_ENABLE_MODULES = YES;
				CLANG_ENABLE_OBJC_ARC = YES;
				CLANG_WARN_BOOL_CONVERSION = YES;
				CLANG_WARN_CONSTANT_CONVERSION = YES;
				CLANG_WARN_DIRECT_OBJC_ISA_USAGE = YES_ERROR;
				CLANG_WARN_EMPTY_BODY = YES;
				CLANG_WARN_ENUM_CONVERSION = YES;
				CLANG_WARN_INT_CONVERSION = YES;
				CLANG_WARN_OBJC_ROOT_CLASS = YES_ERROR;
				CLANG_WARN_UNREACHABLE_CODE = YES;
				CLANG_WARN__DUPLICATE_METHOD_MATCH = YES;
				"CODE_SIGN_IDENTITY[sdk=iphoneos*]" = "iPhone Developer";
				COPY_PHASE_STRIP = YES;
				ENABLE_NS_ASSERTIONS = NO;
				ENABLE_STRICT_OBJC_MSGSEND = YES;
				GCC_C_LANGUAGE_STANDARD = gnu99;
				GCC_WARN_64_TO_32_BIT_CONVERSION = YES;
				GCC_WARN_ABOUT_RETURN_TYPE = YES_ERROR;
				GCC_WARN_UNDECLARED_SELECTOR = YES;
				GCC_WARN_UNINITIALIZED_AUTOS = YES_AGGRESSIVE;
				GCC_WARN_UNUSED_FUNCTION = YES;
				GCC_WARN_UNUSED_VARIABLE = YES;
				IPHONEOS_DEPLOYMENT_TARGET = 8.1;
				MTL_ENABLE_DEBUG_INFO = NO;
				SDKROOT = iphoneos;
				TARGETED_DEVICE_FAMILY = "1,2";
				VALIDATE_PRODUCT = YES;
			};
			name = Release;
		};
		C70E71EF1AA3298D005FF046 /* Debug */ = {
			isa = XCBuildConfiguration;
			buildSettings = {
				ASSETCATALOG_COMPILER_APPICON_NAME = AppIcon;
				INFOPLIST_FILE = TestView11KVCandKVO/Info.plist;
				LD_RUNPATH_SEARCH_PATHS = "$(inherited) @executable_path/Frameworks";
				PRODUCT_NAME = "$(TARGET_NAME)";
			};
			name = Debug;
		};
		C70E71F01AA3298D005FF046 /* Release */ = {
			isa = XCBuildConfiguration;
			buildSettings = {
				ASSETCATALOG_COMPILER_APPICON_NAME = AppIcon;
				INFOPLIST_FILE = TestView11KVCandKVO/Info.plist;
				LD_RUNPATH_SEARCH_PATHS = "$(inherited) @executable_path/Frameworks";
				PRODUCT_NAME = "$(TARGET_NAME)";
			};
			name = Release;
		};
		C70E71F21AA3298D005FF046 /* Debug */ = {
			isa = XCBuildConfiguration;
			buildSettings = {
				BUNDLE_LOADER = "$(TEST_HOST)";
				FRAMEWORK_SEARCH_PATHS = (
					"$(SDKROOT)/Developer/Library/Frameworks",
					"$(inherited)",
				);
				GCC_PREPROCESSOR_DEFINITIONS = (
					"DEBUG=1",
					"$(inherited)",
				);
				INFOPLIST_FILE = TestView11KVCandKVOTests/Info.plist;
				LD_RUNPATH_SEARCH_PATHS = "$(inherited) @executable_path/Frameworks @loader_path/Frameworks";
				PRODUCT_NAME = "$(TARGET_NAME)";
				TEST_HOST = "$(BUILT_PRODUCTS_DIR)/TestView11KVCandKVO.app/TestView11KVCandKVO";
			};
			name = Debug;
		};
		C70E71F31AA3298D005FF046 /* Release */ = {
			isa = XCBuildConfiguration;
			buildSettings = {
				BUNDLE_LOADER = "$(TEST_HOST)";
				FRAMEWORK_SEARCH_PATHS = (
					"$(SDKROOT)/Developer/Library/Frameworks",
					"$(inherited)",
				);
				INFOPLIST_FILE = TestView11KVCandKVOTests/Info.plist;
				LD_RUNPATH_SEARCH_PATHS = "$(inherited) @executable_path/Frameworks @loader_path/Frameworks";
				PRODUCT_NAME = "$(TARGET_NAME)";
				TEST_HOST = "$(BUILT_PRODUCTS_DIR)/TestView11KVCandKVO.app/TestView11KVCandKVO";
			};
			name = Release;
		};
/* End XCBuildConfiguration section */

/* Begin XCConfigurationList section */
		C70E71C61AA3298C005FF046 /* Build configuration list for PBXProject "TestView11KVCandKVO" */ = {
			isa = XCConfigurationList;
			buildConfigurations = (
				C70E71EC1AA3298D005FF046 /* Debug */,
				C70E71ED1AA3298D005FF046 /* Release */,
			);
			defaultConfigurationIsVisible = 0;
			defaultConfigurationName = Release;
		};
		C70E71EE1AA3298D005FF046 /* Build configuration list for PBXNativeTarget "TestView11KVCandKVO" */ = {
			isa = XCConfigurationList;
			buildConfigurations = (
				C70E71EF1AA3298D005FF046 /* Debug */,
				C70E71F01AA3298D005FF046 /* Release */,
			);
			defaultConfigurationIsVisible = 0;
		};
		C70E71F11AA3298D005FF046 /* Build configuration list for PBXNativeTarget "TestView11KVCandKVOTests" */ = {
			isa = XCConfigurationList;
			buildConfigurations = (
				C70E71F21AA3298D005FF046 /* Debug */,
				C70E71F31AA3298D005FF046 /* Release */,
			);
			defaultConfigurationIsVisible = 0;
		};
/* End XCConfigurationList section */
	};
	rootObject = C70E71C31AA3298C005FF046 /* Project object */;
}
