// !$*UTF8*$!
{
	archiveVersion = 1;
	classes = {
	};
	objectVersion = 46;
	objects = {

/* Begin PBXBuildFile section */
		C713F6121AE051860049AF36 /* CoreDataTest.xcdatamodeld in Sources */ = {isa = PBXBuildFile; fileRef = C713F6101AE051860049AF36 /* CoreDataTest.xcdatamodeld */; };
		C713F6241AE054B70049AF36 /* ASObject.m in Sources */ = {isa = PBXBuildFile; fileRef = C713F6231AE054B70049AF36 /* ASObject.m */; };
		C713F6271AE054B80049AF36 /* ASCar.m in Sources */ = {isa = PBXBuildFile; fileRef = C713F6261AE054B80049AF36 /* ASCar.m */; };
		C713F62A1AE054B80049AF36 /* ASUniversity.m in Sources */ = {isa = PBXBuildFile; fileRef = C713F6291AE054B80049AF36 /* ASUniversity.m */; };
		C713F62D1AE054B80049AF36 /* ASCourse.m in Sources */ = {isa = PBXBuildFile; fileRef = C713F62C1AE054B80049AF36 /* ASCourse.m */; };
		C713F6301AE054B80049AF36 /* ASStudent.m in Sources */ = {isa = PBXBuildFile; fileRef = C713F62F1AE054B80049AF36 /* ASStudent.m */; };
		C73BF79B1AB2E06C00D01154 /* main.m in Sources */ = {isa = PBXBuildFile; fileRef = C73BF79A1AB2E06C00D01154 /* main.m */; };
		C73BF79E1AB2E06C00D01154 /* AppDelegate.m in Sources */ = {isa = PBXBuildFile; fileRef = C73BF79D1AB2E06C00D01154 /* AppDelegate.m */; };
		C73BF7A41AB2E06C00D01154 /* ViewController.m in Sources */ = {isa = PBXBuildFile; fileRef = C73BF7A31AB2E06C00D01154 /* ViewController.m */; };
		C73BF7A71AB2E06C00D01154 /* Main.storyboard in Resources */ = {isa = PBXBuildFile; fileRef = C73BF7A51AB2E06C00D01154 /* Main.storyboard */; };
		C73BF7A91AB2E06C00D01154 /* Images.xcassets in Resources */ = {isa = PBXBuildFile; fileRef = C73BF7A81AB2E06C00D01154 /* Images.xcassets */; };
		C73BF7AC1AB2E06C00D01154 /* LaunchScreen.xib in Resources */ = {isa = PBXBuildFile; fileRef = C73BF7AA1AB2E06C00D01154 /* LaunchScreen.xib */; };
		C73BF7B81AB2E06C00D01154 /* Test12CoreDataTests.m in Sources */ = {isa = PBXBuildFile; fileRef = C73BF7B71AB2E06C00D01154 /* Test12CoreDataTests.m */; };
		C73BF7C71AB2F69A00D01154 /* NSString+RandomString.m in Sources */ = {isa = PBXBuildFile; fileRef = C73BF7C61AB2F69A00D01154 /* NSString+RandomString.m */; };
		C7DBF53A1AE2263C00A8A37F /* DataManager.m in Sources */ = {isa = PBXBuildFile; fileRef = C7DBF5391AE2263C00A8A37F /* DataManager.m */; };
		C7DBF5751AE2304200A8A37F /* UniversitiesViewController.m in Sources */ = {isa = PBXBuildFile; fileRef = C7DBF5741AE2304200A8A37F /* UniversitiesViewController.m */; };
		C7DBF5781AE2334700A8A37F /* BaseViewController.m in Sources */ = {isa = PBXBuildFile; fileRef = C7DBF5771AE2334700A8A37F /* BaseViewController.m */; };
		C7DBF57C1AE23C9C00A8A37F /* CoursesViewController.m in Sources */ = {isa = PBXBuildFile; fileRef = C7DBF57B1AE23C9C00A8A37F /* CoursesViewController.m */; };
		C7DBF57F1AE2537800A8A37F /* StudentsViewController.m in Sources */ = {isa = PBXBuildFile; fileRef = C7DBF57E1AE2537800A8A37F /* StudentsViewController.m */; };
/* End PBXBuildFile section */

/* Begin PBXContainerItemProxy section */
		C73BF7B21AB2E06C00D01154 /* PBXContainerItemProxy */ = {
			isa = PBXContainerItemProxy;
			containerPortal = C73BF78D1AB2E06B00D01154 /* Project object */;
			proxyType = 1;
			remoteGlobalIDString = C73BF7941AB2E06B00D01154;
			remoteInfo = Test12CoreData;
		};
/* End PBXContainerItemProxy section */

/* Begin PBXFileReference section */
		C713F6111AE051860049AF36 /* CoreDataTest.xcdatamodel */ = {isa = PBXFileReference; lastKnownFileType = wrapper.xcdatamodel; path = CoreDataTest.xcdatamodel; sourceTree = "<group>"; };
		C713F6221AE054B70049AF36 /* ASObject.h */ = {isa = PBXFileReference; fileEncoding = 4; lastKnownFileType = sourcecode.c.h; path = ASObject.h; sourceTree = "<group>"; };
		C713F6231AE054B70049AF36 /* ASObject.m */ = {isa = PBXFileReference; fileEncoding = 4; lastKnownFileType = sourcecode.c.objc; path = ASObject.m; sourceTree = "<group>"; };
		C713F6251AE054B80049AF36 /* ASCar.h */ = {isa = PBXFileReference; fileEncoding = 4; lastKnownFileType = sourcecode.c.h; path = ASCar.h; sourceTree = "<group>"; };
		C713F6261AE054B80049AF36 /* ASCar.m */ = {isa = PBXFileReference; fileEncoding = 4; lastKnownFileType = sourcecode.c.objc; path = ASCar.m; sourceTree = "<group>"; };
		C713F6281AE054B80049AF36 /* ASUniversity.h */ = {isa = PBXFileReference; fileEncoding = 4; lastKnownFileType = sourcecode.c.h; path = ASUniversity.h; sourceTree = "<group>"; };
		C713F6291AE054B80049AF36 /* ASUniversity.m */ = {isa = PBXFileReference; fileEncoding = 4; lastKnownFileType = sourcecode.c.objc; path = ASUniversity.m; sourceTree = "<group>"; };
		C713F62B1AE054B80049AF36 /* ASCourse.h */ = {isa = PBXFileReference; fileEncoding = 4; lastKnownFileType = sourcecode.c.h; path = ASCourse.h; sourceTree = "<group>"; };
		C713F62C1AE054B80049AF36 /* ASCourse.m */ = {isa = PBXFileReference; fileEncoding = 4; lastKnownFileType = sourcecode.c.objc; path = ASCourse.m; sourceTree = "<group>"; };
		C713F62E1AE054B80049AF36 /* ASStudent.h */ = {isa = PBXFileReference; fileEncoding = 4; lastKnownFileType = sourcecode.c.h; path = ASStudent.h; sourceTree = "<group>"; };
		C713F62F1AE054B80049AF36 /* ASStudent.m */ = {isa = PBXFileReference; fileEncoding = 4; lastKnownFileType = sourcecode.c.objc; path = ASStudent.m; sourceTree = "<group>"; };
		C73BF7951AB2E06B00D01154 /* Test12CoreData.app */ = {isa = PBXFileReference; explicitFileType = wrapper.application; includeInIndex = 0; path = Test12CoreData.app; sourceTree = BUILT_PRODUCTS_DIR; };
		C73BF7991AB2E06C00D01154 /* Info.plist */ = {isa = PBXFileReference; lastKnownFileType = text.plist.xml; path = Info.plist; sourceTree = "<group>"; };
		C73BF79A1AB2E06C00D01154 /* main.m */ = {isa = PBXFileReference; lastKnownFileType = sourcecode.c.objc; path = main.m; sourceTree = "<group>"; };
		C73BF79C1AB2E06C00D01154 /* AppDelegate.h */ = {isa = PBXFileReference; lastKnownFileType = sourcecode.c.h; path = AppDelegate.h; sourceTree = "<group>"; };
		C73BF79D1AB2E06C00D01154 /* AppDelegate.m */ = {isa = PBXFileReference; lastKnownFileType = sourcecode.c.objc; path = AppDelegate.m; sourceTree = "<group>"; };
		C73BF7A21AB2E06C00D01154 /* ViewController.h */ = {isa = PBXFileReference; lastKnownFileType = sourcecode.c.h; path = ViewController.h; sourceTree = "<group>"; };
		C73BF7A31AB2E06C00D01154 /* ViewController.m */ = {isa = PBXFileReference; lastKnownFileType = sourcecode.c.objc; path = ViewController.m; sourceTree = "<group>"; };
		C73BF7A61AB2E06C00D01154 /* Base */ = {isa = PBXFileReference; lastKnownFileType = file.storyboard; name = Base; path = Base.lproj/Main.storyboard; sourceTree = "<group>"; };
		C73BF7A81AB2E06C00D01154 /* Images.xcassets */ = {isa = PBXFileReference; lastKnownFileType = folder.assetcatalog; path = Images.xcassets; sourceTree = "<group>"; };
		C73BF7AB1AB2E06C00D01154 /* Base */ = {isa = PBXFileReference; lastKnownFileType = file.xib; name = Base; path = Base.lproj/LaunchScreen.xib; sourceTree = "<group>"; };
		C73BF7B11AB2E06C00D01154 /* Test12CoreDataTests.xctest */ = {isa = PBXFileReference; explicitFileType = wrapper.cfbundle; includeInIndex = 0; path = Test12CoreDataTests.xctest; sourceTree = BUILT_PRODUCTS_DIR; };
		C73BF7B61AB2E06C00D01154 /* Info.plist */ = {isa = PBXFileReference; lastKnownFileType = text.plist.xml; path = Info.plist; sourceTree = "<group>"; };
		C73BF7B71AB2E06C00D01154 /* Test12CoreDataTests.m */ = {isa = PBXFileReference; lastKnownFileType = sourcecode.c.objc; path = Test12CoreDataTests.m; sourceTree = "<group>"; };
		C73BF7C51AB2F69A00D01154 /* NSString+RandomString.h */ = {isa = PBXFileReference; fileEncoding = 4; lastKnownFileType = sourcecode.c.h; path = "NSString+RandomString.h"; sourceTree = "<group>"; };
		C73BF7C61AB2F69A00D01154 /* NSString+RandomString.m */ = {isa = PBXFileReference; fileEncoding = 4; lastKnownFileType = sourcecode.c.objc; path = "NSString+RandomString.m"; sourceTree = "<group>"; };
		C7DBF5381AE2263C00A8A37F /* DataManager.h */ = {isa = PBXFileReference; fileEncoding = 4; lastKnownFileType = sourcecode.c.h; path = DataManager.h; sourceTree = "<group>"; };
		C7DBF5391AE2263C00A8A37F /* DataManager.m */ = {isa = PBXFileReference; fileEncoding = 4; lastKnownFileType = sourcecode.c.objc; path = DataManager.m; sourceTree = "<group>"; };
		C7DBF5731AE2304200A8A37F /* UniversitiesViewController.h */ = {isa = PBXFileReference; fileEncoding = 4; lastKnownFileType = sourcecode.c.h; path = UniversitiesViewController.h; sourceTree = "<group>"; };
		C7DBF5741AE2304200A8A37F /* UniversitiesViewController.m */ = {isa = PBXFileReference; fileEncoding = 4; lastKnownFileType = sourcecode.c.objc; path = UniversitiesViewController.m; sourceTree = "<group>"; };
		C7DBF5761AE2334700A8A37F /* BaseViewController.h */ = {isa = PBXFileReference; fileEncoding = 4; lastKnownFileType = sourcecode.c.h; path = BaseViewController.h; sourceTree = "<group>"; };
		C7DBF5771AE2334700A8A37F /* BaseViewController.m */ = {isa = PBXFileReference; fileEncoding = 4; lastKnownFileType = sourcecode.c.objc; path = BaseViewController.m; sourceTree = "<group>"; };
		C7DBF57A1AE23C9C00A8A37F /* CoursesViewController.h */ = {isa = PBXFileReference; fileEncoding = 4; lastKnownFileType = sourcecode.c.h; path = CoursesViewController.h; sourceTree = "<group>"; };
		C7DBF57B1AE23C9C00A8A37F /* CoursesViewController.m */ = {isa = PBXFileReference; fileEncoding = 4; lastKnownFileType = sourcecode.c.objc; path = CoursesViewController.m; sourceTree = "<group>"; };
		C7DBF57D1AE2537800A8A37F /* StudentsViewController.h */ = {isa = PBXFileReference; fileEncoding = 4; lastKnownFileType = sourcecode.c.h; path = StudentsViewController.h; sourceTree = "<group>"; };
		C7DBF57E1AE2537800A8A37F /* StudentsViewController.m */ = {isa = PBXFileReference; fileEncoding = 4; lastKnownFileType = sourcecode.c.objc; path = StudentsViewController.m; sourceTree = "<group>"; };
/* End PBXFileReference section */

/* Begin PBXFrameworksBuildPhase section */
		C73BF7921AB2E06B00D01154 /* Frameworks */ = {
			isa = PBXFrameworksBuildPhase;
			buildActionMask = 2147483647;
			files = (
			);
			runOnlyForDeploymentPostprocessing = 0;
		};
		C73BF7AE1AB2E06C00D01154 /* Frameworks */ = {
			isa = PBXFrameworksBuildPhase;
			buildActionMask = 2147483647;
			files = (
			);
			runOnlyForDeploymentPostprocessing = 0;
		};
/* End PBXFrameworksBuildPhase section */

/* Begin PBXGroup section */
		C703AEB51AB420D700A0EE9B /* Model */ = {
			isa = PBXGroup;
			children = (
				C713F62E1AE054B80049AF36 /* ASStudent.h */,
				C713F62F1AE054B80049AF36 /* ASStudent.m */,
				C713F62B1AE054B80049AF36 /* ASCourse.h */,
				C713F62C1AE054B80049AF36 /* ASCourse.m */,
				C713F6281AE054B80049AF36 /* ASUniversity.h */,
				C713F6291AE054B80049AF36 /* ASUniversity.m */,
				C713F6251AE054B80049AF36 /* ASCar.h */,
				C713F6261AE054B80049AF36 /* ASCar.m */,
				C713F6221AE054B70049AF36 /* ASObject.h */,
				C713F6231AE054B70049AF36 /* ASObject.m */,
			);
			path = Model;
			sourceTree = "<group>";
		};
		C73BF78C1AB2E06B00D01154 = {
			isa = PBXGroup;
			children = (
				C73BF7971AB2E06B00D01154 /* Test12CoreData */,
				C73BF7B41AB2E06C00D01154 /* Test12CoreDataTests */,
				C73BF7961AB2E06B00D01154 /* Products */,
			);
			sourceTree = "<group>";
		};
		C73BF7961AB2E06B00D01154 /* Products */ = {
			isa = PBXGroup;
			children = (
				C73BF7951AB2E06B00D01154 /* Test12CoreData.app */,
				C73BF7B11AB2E06C00D01154 /* Test12CoreDataTests.xctest */,
			);
			name = Products;
			sourceTree = "<group>";
		};
		C73BF7971AB2E06B00D01154 /* Test12CoreData */ = {
			isa = PBXGroup;
			children = (
				C7DBF5791AE2361D00A8A37F /* ViewControllers */,
				C703AEB51AB420D700A0EE9B /* Model */,
				C73BF7C51AB2F69A00D01154 /* NSString+RandomString.h */,
				C73BF7C61AB2F69A00D01154 /* NSString+RandomString.m */,
				C73BF79C1AB2E06C00D01154 /* AppDelegate.h */,
				C73BF79D1AB2E06C00D01154 /* AppDelegate.m */,
				C73BF7A21AB2E06C00D01154 /* ViewController.h */,
				C73BF7A31AB2E06C00D01154 /* ViewController.m */,
				C73BF7A51AB2E06C00D01154 /* Main.storyboard */,
				C73BF7A81AB2E06C00D01154 /* Images.xcassets */,
				C73BF7AA1AB2E06C00D01154 /* LaunchScreen.xib */,
				C713F6101AE051860049AF36 /* CoreDataTest.xcdatamodeld */,
				C73BF7981AB2E06C00D01154 /* Supporting Files */,
				C7DBF5381AE2263C00A8A37F /* DataManager.h */,
				C7DBF5391AE2263C00A8A37F /* DataManager.m */,
			);
			path = Test12CoreData;
			sourceTree = "<group>";
		};
		C73BF7981AB2E06C00D01154 /* Supporting Files */ = {
			isa = PBXGroup;
			children = (
				C73BF7991AB2E06C00D01154 /* Info.plist */,
				C73BF79A1AB2E06C00D01154 /* main.m */,
			);
			name = "Supporting Files";
			sourceTree = "<group>";
		};
		C73BF7B41AB2E06C00D01154 /* Test12CoreDataTests */ = {
			isa = PBXGroup;
			children = (
				C73BF7B71AB2E06C00D01154 /* Test12CoreDataTests.m */,
				C73BF7B51AB2E06C00D01154 /* Supporting Files */,
			);
			path = Test12CoreDataTests;
			sourceTree = "<group>";
		};
		C73BF7B51AB2E06C00D01154 /* Supporting Files */ = {
			isa = PBXGroup;
			children = (
				C73BF7B61AB2E06C00D01154 /* Info.plist */,
			);
			name = "Supporting Files";
			sourceTree = "<group>";
		};
		C7DBF5791AE2361D00A8A37F /* ViewControllers */ = {
			isa = PBXGroup;
			children = (
				C7DBF5731AE2304200A8A37F /* UniversitiesViewController.h */,
				C7DBF5741AE2304200A8A37F /* UniversitiesViewController.m */,
				C7DBF5761AE2334700A8A37F /* BaseViewController.h */,
				C7DBF5771AE2334700A8A37F /* BaseViewController.m */,
				C7DBF57A1AE23C9C00A8A37F /* CoursesViewController.h */,
				C7DBF57B1AE23C9C00A8A37F /* CoursesViewController.m */,
				C7DBF57D1AE2537800A8A37F /* StudentsViewController.h */,
				C7DBF57E1AE2537800A8A37F /* StudentsViewController.m */,
			);
			name = ViewControllers;
			sourceTree = "<group>";
		};
/* End PBXGroup section */

/* Begin PBXNativeTarget section */
		C73BF7941AB2E06B00D01154 /* Test12CoreData */ = {
			isa = PBXNativeTarget;
			buildConfigurationList = C73BF7BB1AB2E06C00D01154 /* Build configuration list for PBXNativeTarget "Test12CoreData" */;
			buildPhases = (
				C73BF7911AB2E06B00D01154 /* Sources */,
				C73BF7921AB2E06B00D01154 /* Frameworks */,
				C73BF7931AB2E06B00D01154 /* Resources */,
			);
			buildRules = (
			);
			dependencies = (
			);
			name = Test12CoreData;
			productName = Test12CoreData;
			productReference = C73BF7951AB2E06B00D01154 /* Test12CoreData.app */;
			productType = "com.apple.product-type.application";
		};
		C73BF7B01AB2E06C00D01154 /* Test12CoreDataTests */ = {
			isa = PBXNativeTarget;
			buildConfigurationList = C73BF7BE1AB2E06C00D01154 /* Build configuration list for PBXNativeTarget "Test12CoreDataTests" */;
			buildPhases = (
				C73BF7AD1AB2E06C00D01154 /* Sources */,
				C73BF7AE1AB2E06C00D01154 /* Frameworks */,
				C73BF7AF1AB2E06C00D01154 /* Resources */,
			);
			buildRules = (
			);
			dependencies = (
				C73BF7B31AB2E06C00D01154 /* PBXTargetDependency */,
			);
			name = Test12CoreDataTests;
			productName = Test12CoreDataTests;
			productReference = C73BF7B11AB2E06C00D01154 /* Test12CoreDataTests.xctest */;
			productType = "com.apple.product-type.bundle.unit-test";
		};
/* End PBXNativeTarget section */

/* Begin PBXProject section */
		C73BF78D1AB2E06B00D01154 /* Project object */ = {
			isa = PBXProject;
			attributes = {
				LastUpgradeCheck = 0620;
				ORGANIZATIONNAME = "Andriy Bas";
				TargetAttributes = {
					C73BF7941AB2E06B00D01154 = {
						CreatedOnToolsVersion = 6.2;
					};
					C73BF7B01AB2E06C00D01154 = {
						CreatedOnToolsVersion = 6.2;
						TestTargetID = C73BF7941AB2E06B00D01154;
					};
				};
			};
			buildConfigurationList = C73BF7901AB2E06B00D01154 /* Build configuration list for PBXProject "Test12CoreData" */;
			compatibilityVersion = "Xcode 3.2";
			developmentRegion = English;
			hasScannedForEncodings = 0;
			knownRegions = (
				en,
				Base,
			);
			mainGroup = C73BF78C1AB2E06B00D01154;
			productRefGroup = C73BF7961AB2E06B00D01154 /* Products */;
			projectDirPath = "";
			projectRoot = "";
			targets = (
				C73BF7941AB2E06B00D01154 /* Test12CoreData */,
				C73BF7B01AB2E06C00D01154 /* Test12CoreDataTests */,
			);
		};
/* End PBXProject section */

/* Begin PBXResourcesBuildPhase section */
		C73BF7931AB2E06B00D01154 /* Resources */ = {
			isa = PBXResourcesBuildPhase;
			buildActionMask = 2147483647;
			files = (
				C73BF7A71AB2E06C00D01154 /* Main.storyboard in Resources */,
				C73BF7AC1AB2E06C00D01154 /* LaunchScreen.xib in Resources */,
				C73BF7A91AB2E06C00D01154 /* Images.xcassets in Resources */,
			);
			runOnlyForDeploymentPostprocessing = 0;
		};
		C73BF7AF1AB2E06C00D01154 /* Resources */ = {
			isa = PBXResourcesBuildPhase;
			buildActionMask = 2147483647;
			files = (
			);
			runOnlyForDeploymentPostprocessing = 0;
		};
/* End PBXResourcesBuildPhase section */

/* Begin PBXSourcesBuildPhase section */
		C73BF7911AB2E06B00D01154 /* Sources */ = {
			isa = PBXSourcesBuildPhase;
			buildActionMask = 2147483647;
			files = (
				C713F6241AE054B70049AF36 /* ASObject.m in Sources */,
				C7DBF57C1AE23C9C00A8A37F /* CoursesViewController.m in Sources */,
				C713F6301AE054B80049AF36 /* ASStudent.m in Sources */,
				C7DBF57F1AE2537800A8A37F /* StudentsViewController.m in Sources */,
				C73BF79E1AB2E06C00D01154 /* AppDelegate.m in Sources */,
				C73BF7C71AB2F69A00D01154 /* NSString+RandomString.m in Sources */,
				C73BF79B1AB2E06C00D01154 /* main.m in Sources */,
				C713F62D1AE054B80049AF36 /* ASCourse.m in Sources */,
				C7DBF5751AE2304200A8A37F /* UniversitiesViewController.m in Sources */,
				C713F6271AE054B80049AF36 /* ASCar.m in Sources */,
				C713F62A1AE054B80049AF36 /* ASUniversity.m in Sources */,
				C7DBF5781AE2334700A8A37F /* BaseViewController.m in Sources */,
				C73BF7A41AB2E06C00D01154 /* ViewController.m in Sources */,
				C7DBF53A1AE2263C00A8A37F /* DataManager.m in Sources */,
				C713F6121AE051860049AF36 /* CoreDataTest.xcdatamodeld in Sources */,
			);
			runOnlyForDeploymentPostprocessing = 0;
		};
		C73BF7AD1AB2E06C00D01154 /* Sources */ = {
			isa = PBXSourcesBuildPhase;
			buildActionMask = 2147483647;
			files = (
				C73BF7B81AB2E06C00D01154 /* Test12CoreDataTests.m in Sources */,
			);
			runOnlyForDeploymentPostprocessing = 0;
		};
/* End PBXSourcesBuildPhase section */

/* Begin PBXTargetDependency section */
		C73BF7B31AB2E06C00D01154 /* PBXTargetDependency */ = {
			isa = PBXTargetDependency;
			target = C73BF7941AB2E06B00D01154 /* Test12CoreData */;
			targetProxy = C73BF7B21AB2E06C00D01154 /* PBXContainerItemProxy */;
		};
/* End PBXTargetDependency section */

/* Begin PBXVariantGroup section */
		C73BF7A51AB2E06C00D01154 /* Main.storyboard */ = {
			isa = PBXVariantGroup;
			children = (
				C73BF7A61AB2E06C00D01154 /* Base */,
			);
			name = Main.storyboard;
			sourceTree = "<group>";
		};
		C73BF7AA1AB2E06C00D01154 /* LaunchScreen.xib */ = {
			isa = PBXVariantGroup;
			children = (
				C73BF7AB1AB2E06C00D01154 /* Base */,
			);
			name = LaunchScreen.xib;
			sourceTree = "<group>";
		};
/* End PBXVariantGroup section */

/* Begin XCBuildConfiguration section */
		C73BF7B91AB2E06C00D01154 /* Debug */ = {
			isa = XCBuildConfiguration;
			buildSettings = {
				ALWAYS_SEARCH_USER_PATHS = NO;
				CLANG_CXX_LANGUAGE_STANDARD = "gnu++0x";
				CLANG_CXX_LIBRARY = "libc++";
				CLANG_ENABLE_MODULES = YES;
				CLANG_ENABLE_OBJC_ARC = YES;
				CLANG_WARN_BOOL_CONVERSION = YES;
				CLANG_WARN_CONSTANT_CONVERSION = YES;
				CLANG_WARN_DIRECT_OBJC_ISA_USAGE = YES_ERROR;
				CLANG_WARN_EMPTY_BODY = YES;
				CLANG_WARN_ENUM_CONVERSION = YES;
				CLANG_WARN_INT_CONVERSION = YES;
				CLANG_WARN_OBJC_ROOT_CLASS = YES_ERROR;
				CLANG_WARN_UNREACHABLE_CODE = YES;
				CLANG_WARN__DUPLICATE_METHOD_MATCH = YES;
				"CODE_SIGN_IDENTITY[sdk=iphoneos*]" = "iPhone Developer";
				COPY_PHASE_STRIP = NO;
				ENABLE_STRICT_OBJC_MSGSEND = YES;
				GCC_C_LANGUAGE_STANDARD = gnu99;
				GCC_DYNAMIC_NO_PIC = NO;
				GCC_OPTIMIZATION_LEVEL = 0;
				GCC_PREPROCESSOR_DEFINITIONS = (
					"DEBUG=1",
					"$(inherited)",
				);
				GCC_SYMBOLS_PRIVATE_EXTERN = NO;
				GCC_WARN_64_TO_32_BIT_CONVERSION = YES;
				GCC_WARN_ABOUT_RETURN_TYPE = YES_ERROR;
				GCC_WARN_UNDECLARED_SELECTOR = YES;
				GCC_WARN_UNINITIALIZED_AUTOS = YES_AGGRESSIVE;
				GCC_WARN_UNUSED_FUNCTION = YES;
				GCC_WARN_UNUSED_VARIABLE = YES;
				IPHONEOS_DEPLOYMENT_TARGET = 8.2;
				MTL_ENABLE_DEBUG_INFO = YES;
				ONLY_ACTIVE_ARCH = YES;
				SDKROOT = iphoneos;
				TARGETED_DEVICE_FAMILY = "1,2";
			};
			name = Debug;
		};
		C73BF7BA1AB2E06C00D01154 /* Release */ = {
			isa = XCBuildConfiguration;
			buildSettings = {
				ALWAYS_SEARCH_USER_PATHS = NO;
				CLANG_CXX_LANGUAGE_STANDARD = "gnu++0x";
				CLANG_CXX_LIBRARY = "libc++";
				CLANG_ENABLE_MODULES = YES;
				CLANG_ENABLE_OBJC_ARC = YES;
				CLANG_WARN_BOOL_CONVERSION = YES;
				CLANG_WARN_CONSTANT_CONVERSION = YES;
				CLANG_WARN_DIRECT_OBJC_ISA_USAGE = YES_ERROR;
				CLANG_WARN_EMPTY_BODY = YES;
				CLANG_WARN_ENUM_CONVERSION = YES;
				CLANG_WARN_INT_CONVERSION = YES;
				CLANG_WARN_OBJC_ROOT_CLASS = YES_ERROR;
				CLANG_WARN_UNREACHABLE_CODE = YES;
				CLANG_WARN__DUPLICATE_METHOD_MATCH = YES;
				"CODE_SIGN_IDENTITY[sdk=iphoneos*]" = "iPhone Developer";
				COPY_PHASE_STRIP = NO;
				ENABLE_NS_ASSERTIONS = NO;
				ENABLE_STRICT_OBJC_MSGSEND = YES;
				GCC_C_LANGUAGE_STANDARD = gnu99;
				GCC_WARN_64_TO_32_BIT_CONVERSION = YES;
				GCC_WARN_ABOUT_RETURN_TYPE = YES_ERROR;
				GCC_WARN_UNDECLARED_SELECTOR = YES;
				GCC_WARN_UNINITIALIZED_AUTOS = YES_AGGRESSIVE;
				GCC_WARN_UNUSED_FUNCTION = YES;
				GCC_WARN_UNUSED_VARIABLE = YES;
				IPHONEOS_DEPLOYMENT_TARGET = 8.2;
				MTL_ENABLE_DEBUG_INFO = NO;
				SDKROOT = iphoneos;
				TARGETED_DEVICE_FAMILY = "1,2";
				VALIDATE_PRODUCT = YES;
			};
			name = Release;
		};
		C73BF7BC1AB2E06C00D01154 /* Debug */ = {
			isa = XCBuildConfiguration;
			buildSettings = {
				ASSETCATALOG_COMPILER_APPICON_NAME = AppIcon;
				INFOPLIST_FILE = Test12CoreData/Info.plist;
				LD_RUNPATH_SEARCH_PATHS = "$(inherited) @executable_path/Frameworks";
				PRODUCT_NAME = "$(TARGET_NAME)";
			};
			name = Debug;
		};
		C73BF7BD1AB2E06C00D01154 /* Release */ = {
			isa = XCBuildConfiguration;
			buildSettings = {
				ASSETCATALOG_COMPILER_APPICON_NAME = AppIcon;
				INFOPLIST_FILE = Test12CoreData/Info.plist;
				LD_RUNPATH_SEARCH_PATHS = "$(inherited) @executable_path/Frameworks";
				PRODUCT_NAME = "$(TARGET_NAME)";
			};
			name = Release;
		};
		C73BF7BF1AB2E06C00D01154 /* Debug */ = {
			isa = XCBuildConfiguration;
			buildSettings = {
				BUNDLE_LOADER = "$(TEST_HOST)";
				FRAMEWORK_SEARCH_PATHS = (
					"$(SDKROOT)/Developer/Library/Frameworks",
					"$(inherited)",
				);
				GCC_PREPROCESSOR_DEFINITIONS = (
					"DEBUG=1",
					"$(inherited)",
				);
				INFOPLIST_FILE = Test12CoreDataTests/Info.plist;
				LD_RUNPATH_SEARCH_PATHS = "$(inherited) @executable_path/Frameworks @loader_path/Frameworks";
				PRODUCT_NAME = "$(TARGET_NAME)";
				TEST_HOST = "$(BUILT_PRODUCTS_DIR)/Test12CoreData.app/Test12CoreData";
			};
			name = Debug;
		};
		C73BF7C01AB2E06C00D01154 /* Release */ = {
			isa = XCBuildConfiguration;
			buildSettings = {
				BUNDLE_LOADER = "$(TEST_HOST)";
				FRAMEWORK_SEARCH_PATHS = (
					"$(SDKROOT)/Developer/Library/Frameworks",
					"$(inherited)",
				);
				INFOPLIST_FILE = Test12CoreDataTests/Info.plist;
				LD_RUNPATH_SEARCH_PATHS = "$(inherited) @executable_path/Frameworks @loader_path/Frameworks";
				PRODUCT_NAME = "$(TARGET_NAME)";
				TEST_HOST = "$(BUILT_PRODUCTS_DIR)/Test12CoreData.app/Test12CoreData";
			};
			name = Release;
		};
/* End XCBuildConfiguration section */

/* Begin XCConfigurationList section */
		C73BF7901AB2E06B00D01154 /* Build configuration list for PBXProject "Test12CoreData" */ = {
			isa = XCConfigurationList;
			buildConfigurations = (
				C73BF7B91AB2E06C00D01154 /* Debug */,
				C73BF7BA1AB2E06C00D01154 /* Release */,
			);
			defaultConfigurationIsVisible = 0;
			defaultConfigurationName = Release;
		};
		C73BF7BB1AB2E06C00D01154 /* Build configuration list for PBXNativeTarget "Test12CoreData" */ = {
			isa = XCConfigurationList;
			buildConfigurations = (
				C73BF7BC1AB2E06C00D01154 /* Debug */,
				C73BF7BD1AB2E06C00D01154 /* Release */,
			);
			defaultConfigurationIsVisible = 0;
			defaultConfigurationName = Release;
		};
		C73BF7BE1AB2E06C00D01154 /* Build configuration list for PBXNativeTarget "Test12CoreDataTests" */ = {
			isa = XCConfigurationList;
			buildConfigurations = (
				C73BF7BF1AB2E06C00D01154 /* Debug */,
				C73BF7C01AB2E06C00D01154 /* Release */,
			);
			defaultConfigurationIsVisible = 0;
			defaultConfigurationName = Release;
		};
/* End XCConfigurationList section */

/* Begin XCVersionGroup section */
		C713F6101AE051860049AF36 /* CoreDataTest.xcdatamodeld */ = {
			isa = XCVersionGroup;
			children = (
				C713F6111AE051860049AF36 /* CoreDataTest.xcdatamodel */,
			);
			currentVersion = C713F6111AE051860049AF36 /* CoreDataTest.xcdatamodel */;
			name = CoreDataTest.xcdatamodeld;
			path = ../../../../Downloads/CoreDataTest/CoreDataTest/CoreDataTest.xcdatamodeld;
			sourceTree = "<group>";
			versionGroupType = wrapper.xcdatamodel;
		};
/* End XCVersionGroup section */
	};
	rootObject = C73BF78D1AB2E06B00D01154 /* Project object */;
}
