// !$*UTF8*$!
{
	archiveVersion = 1;
	classes = {
	};
	objectVersion = 46;
	objects = {

/* Begin PBXBuildFile section */
		C70E719F1AA30651005FF046 /* main.m in Sources */ = {isa = PBXBuildFile; fileRef = C70E719E1AA30651005FF046 /* main.m */; };
		C70E71A21AA30651005FF046 /* AppDelegate.m in Sources */ = {isa = PBXBuildFile; fileRef = C70E71A11AA30651005FF046 /* AppDelegate.m */; };
		C70E71A51AA30651005FF046 /* ViewController.m in Sources */ = {isa = PBXBuildFile; fileRef = C70E71A41AA30651005FF046 /* ViewController.m */; };
		C70E71A81AA30651005FF046 /* Main.storyboard in Resources */ = {isa = PBXBuildFile; fileRef = C70E71A61AA30651005FF046 /* Main.storyboard */; };
		C70E71AA1AA30651005FF046 /* Images.xcassets in Resources */ = {isa = PBXBuildFile; fileRef = C70E71A91AA30651005FF046 /* Images.xcassets */; };
		C70E71AD1AA30651005FF046 /* LaunchScreen.xib in Resources */ = {isa = PBXBuildFile; fileRef = C70E71AB1AA30651005FF046 /* LaunchScreen.xib */; };
		C70E71B91AA30651005FF046 /* TestView10WebViewTests.m in Sources */ = {isa = PBXBuildFile; fileRef = C70E71B81AA30651005FF046 /* TestView10WebViewTests.m */; };
/* End PBXBuildFile section */

/* Begin PBXContainerItemProxy section */
		C70E71B31AA30651005FF046 /* PBXContainerItemProxy */ = {
			isa = PBXContainerItemProxy;
			containerPortal = C70E71911AA30651005FF046 /* Project object */;
			proxyType = 1;
			remoteGlobalIDString = C70E71981AA30651005FF046;
			remoteInfo = TestView10WebView;
		};
/* End PBXContainerItemProxy section */

/* Begin PBXFileReference section */
		C70E71991AA30651005FF046 /* TestView10WebView.app */ = {isa = PBXFileReference; explicitFileType = wrapper.application; includeInIndex = 0; path = TestView10WebView.app; sourceTree = BUILT_PRODUCTS_DIR; };
		C70E719D1AA30651005FF046 /* Info.plist */ = {isa = PBXFileReference; lastKnownFileType = text.plist.xml; path = Info.plist; sourceTree = "<group>"; };
		C70E719E1AA30651005FF046 /* main.m */ = {isa = PBXFileReference; lastKnownFileType = sourcecode.c.objc; path = main.m; sourceTree = "<group>"; };
		C70E71A01AA30651005FF046 /* AppDelegate.h */ = {isa = PBXFileReference; lastKnownFileType = sourcecode.c.h; path = AppDelegate.h; sourceTree = "<group>"; };
		C70E71A11AA30651005FF046 /* AppDelegate.m */ = {isa = PBXFileReference; lastKnownFileType = sourcecode.c.objc; path = AppDelegate.m; sourceTree = "<group>"; };
		C70E71A31AA30651005FF046 /* ViewController.h */ = {isa = PBXFileReference; lastKnownFileType = sourcecode.c.h; path = ViewController.h; sourceTree = "<group>"; };
		C70E71A41AA30651005FF046 /* ViewController.m */ = {isa = PBXFileReference; lastKnownFileType = sourcecode.c.objc; path = ViewController.m; sourceTree = "<group>"; };
		C70E71A71AA30651005FF046 /* Base */ = {isa = PBXFileReference; lastKnownFileType = file.storyboard; name = Base; path = Base.lproj/Main.storyboard; sourceTree = "<group>"; };
		C70E71A91AA30651005FF046 /* Images.xcassets */ = {isa = PBXFileReference; lastKnownFileType = folder.assetcatalog; path = Images.xcassets; sourceTree = "<group>"; };
		C70E71AC1AA30651005FF046 /* Base */ = {isa = PBXFileReference; lastKnownFileType = file.xib; name = Base; path = Base.lproj/LaunchScreen.xib; sourceTree = "<group>"; };
		C70E71B21AA30651005FF046 /* TestView10WebViewTests.xctest */ = {isa = PBXFileReference; explicitFileType = wrapper.cfbundle; includeInIndex = 0; path = TestView10WebViewTests.xctest; sourceTree = BUILT_PRODUCTS_DIR; };
		C70E71B71AA30651005FF046 /* Info.plist */ = {isa = PBXFileReference; lastKnownFileType = text.plist.xml; path = Info.plist; sourceTree = "<group>"; };
		C70E71B81AA30651005FF046 /* TestView10WebViewTests.m */ = {isa = PBXFileReference; lastKnownFileType = sourcecode.c.objc; path = TestView10WebViewTests.m; sourceTree = "<group>"; };
/* End PBXFileReference section */

/* Begin PBXFrameworksBuildPhase section */
		C70E71961AA30651005FF046 /* Frameworks */ = {
			isa = PBXFrameworksBuildPhase;
			buildActionMask = 2147483647;
			files = (
			);
			runOnlyForDeploymentPostprocessing = 0;
		};
		C70E71AF1AA30651005FF046 /* Frameworks */ = {
			isa = PBXFrameworksBuildPhase;
			buildActionMask = 2147483647;
			files = (
			);
			runOnlyForDeploymentPostprocessing = 0;
		};
/* End PBXFrameworksBuildPhase section */

/* Begin PBXGroup section */
		C70E71901AA30651005FF046 = {
			isa = PBXGroup;
			children = (
				C70E719B1AA30651005FF046 /* TestView10WebView */,
				C70E71B51AA30651005FF046 /* TestView10WebViewTests */,
				C70E719A1AA30651005FF046 /* Products */,
			);
			sourceTree = "<group>";
		};
		C70E719A1AA30651005FF046 /* Products */ = {
			isa = PBXGroup;
			children = (
				C70E71991AA30651005FF046 /* TestView10WebView.app */,
				C70E71B21AA30651005FF046 /* TestView10WebViewTests.xctest */,
			);
			name = Products;
			sourceTree = "<group>";
		};
		C70E719B1AA30651005FF046 /* TestView10WebView */ = {
			isa = PBXGroup;
			children = (
				C70E71A01AA30651005FF046 /* AppDelegate.h */,
				C70E71A11AA30651005FF046 /* AppDelegate.m */,
				C70E71A31AA30651005FF046 /* ViewController.h */,
				C70E71A41AA30651005FF046 /* ViewController.m */,
				C70E71A61AA30651005FF046 /* Main.storyboard */,
				C70E71A91AA30651005FF046 /* Images.xcassets */,
				C70E71AB1AA30651005FF046 /* LaunchScreen.xib */,
				C70E719C1AA30651005FF046 /* Supporting Files */,
			);
			path = TestView10WebView;
			sourceTree = "<group>";
		};
		C70E719C1AA30651005FF046 /* Supporting Files */ = {
			isa = PBXGroup;
			children = (
				C70E719D1AA30651005FF046 /* Info.plist */,
				C70E719E1AA30651005FF046 /* main.m */,
			);
			name = "Supporting Files";
			sourceTree = "<group>";
		};
		C70E71B51AA30651005FF046 /* TestView10WebViewTests */ = {
			isa = PBXGroup;
			children = (
				C70E71B81AA30651005FF046 /* TestView10WebViewTests.m */,
				C70E71B61AA30651005FF046 /* Supporting Files */,
			);
			path = TestView10WebViewTests;
			sourceTree = "<group>";
		};
		C70E71B61AA30651005FF046 /* Supporting Files */ = {
			isa = PBXGroup;
			children = (
				C70E71B71AA30651005FF046 /* Info.plist */,
			);
			name = "Supporting Files";
			sourceTree = "<group>";
		};
/* End PBXGroup section */

/* Begin PBXNativeTarget section */
		C70E71981AA30651005FF046 /* TestView10WebView */ = {
			isa = PBXNativeTarget;
			buildConfigurationList = C70E71BC1AA30651005FF046 /* Build configuration list for PBXNativeTarget "TestView10WebView" */;
			buildPhases = (
				C70E71951AA30651005FF046 /* Sources */,
				C70E71961AA30651005FF046 /* Frameworks */,
				C70E71971AA30651005FF046 /* Resources */,
			);
			buildRules = (
			);
			dependencies = (
			);
			name = TestView10WebView;
			productName = TestView10WebView;
			productReference = C70E71991AA30651005FF046 /* TestView10WebView.app */;
			productType = "com.apple.product-type.application";
		};
		C70E71B11AA30651005FF046 /* TestView10WebViewTests */ = {
			isa = PBXNativeTarget;
			buildConfigurationList = C70E71BF1AA30651005FF046 /* Build configuration list for PBXNativeTarget "TestView10WebViewTests" */;
			buildPhases = (
				C70E71AE1AA30651005FF046 /* Sources */,
				C70E71AF1AA30651005FF046 /* Frameworks */,
				C70E71B01AA30651005FF046 /* Resources */,
			);
			buildRules = (
			);
			dependencies = (
				C70E71B41AA30651005FF046 /* PBXTargetDependency */,
			);
			name = TestView10WebViewTests;
			productName = TestView10WebViewTests;
			productReference = C70E71B21AA30651005FF046 /* TestView10WebViewTests.xctest */;
			productType = "com.apple.product-type.bundle.unit-test";
		};
/* End PBXNativeTarget section */

/* Begin PBXProject section */
		C70E71911AA30651005FF046 /* Project object */ = {
			isa = PBXProject;
			attributes = {
				LastUpgradeCheck = 0610;
				ORGANIZATIONNAME = "Andriy Bas";
				TargetAttributes = {
					C70E71981AA30651005FF046 = {
						CreatedOnToolsVersion = 6.1.1;
					};
					C70E71B11AA30651005FF046 = {
						CreatedOnToolsVersion = 6.1.1;
						TestTargetID = C70E71981AA30651005FF046;
					};
				};
			};
			buildConfigurationList = C70E71941AA30651005FF046 /* Build configuration list for PBXProject "TestView10WebView" */;
			compatibilityVersion = "Xcode 3.2";
			developmentRegion = English;
			hasScannedForEncodings = 0;
			knownRegions = (
				en,
				Base,
			);
			mainGroup = C70E71901AA30651005FF046;
			productRefGroup = C70E719A1AA30651005FF046 /* Products */;
			projectDirPath = "";
			projectRoot = "";
			targets = (
				C70E71981AA30651005FF046 /* TestView10WebView */,
				C70E71B11AA30651005FF046 /* TestView10WebViewTests */,
			);
		};
/* End PBXProject section */

/* Begin PBXResourcesBuildPhase section */
		C70E71971AA30651005FF046 /* Resources */ = {
			isa = PBXResourcesBuildPhase;
			buildActionMask = 2147483647;
			files = (
				C70E71A81AA30651005FF046 /* Main.storyboard in Resources */,
				C70E71AD1AA30651005FF046 /* LaunchScreen.xib in Resources */,
				C70E71AA1AA30651005FF046 /* Images.xcassets in Resources */,
			);
			runOnlyForDeploymentPostprocessing = 0;
		};
		C70E71B01AA30651005FF046 /* Resources */ = {
			isa = PBXResourcesBuildPhase;
			buildActionMask = 2147483647;
			files = (
			);
			runOnlyForDeploymentPostprocessing = 0;
		};
/* End PBXResourcesBuildPhase section */

/* Begin PBXSourcesBuildPhase section */
		C70E71951AA30651005FF046 /* Sources */ = {
			isa = PBXSourcesBuildPhase;
			buildActionMask = 2147483647;
			files = (
				C70E71A51AA30651005FF046 /* ViewController.m in Sources */,
				C70E71A21AA30651005FF046 /* AppDelegate.m in Sources */,
				C70E719F1AA30651005FF046 /* main.m in Sources */,
			);
			runOnlyForDeploymentPostprocessing = 0;
		};
		C70E71AE1AA30651005FF046 /* Sources */ = {
			isa = PBXSourcesBuildPhase;
			buildActionMask = 2147483647;
			files = (
				C70E71B91AA30651005FF046 /* TestView10WebViewTests.m in Sources */,
			);
			runOnlyForDeploymentPostprocessing = 0;
		};
/* End PBXSourcesBuildPhase section */

/* Begin PBXTargetDependency section */
		C70E71B41AA30651005FF046 /* PBXTargetDependency */ = {
			isa = PBXTargetDependency;
			target = C70E71981AA30651005FF046 /* TestView10WebView */;
			targetProxy = C70E71B31AA30651005FF046 /* PBXContainerItemProxy */;
		};
/* End PBXTargetDependency section */

/* Begin PBXVariantGroup section */
		C70E71A61AA30651005FF046 /* Main.storyboard */ = {
			isa = PBXVariantGroup;
			children = (
				C70E71A71AA30651005FF046 /* Base */,
			);
			name = Main.storyboard;
			sourceTree = "<group>";
		};
		C70E71AB1AA30651005FF046 /* LaunchScreen.xib */ = {
			isa = PBXVariantGroup;
			children = (
				C70E71AC1AA30651005FF046 /* Base */,
			);
			name = LaunchScreen.xib;
			sourceTree = "<group>";
		};
/* End PBXVariantGroup section */

/* Begin XCBuildConfiguration section */
		C70E71BA1AA30651005FF046 /* Debug */ = {
			isa = XCBuildConfiguration;
			buildSettings = {
				ALWAYS_SEARCH_USER_PATHS = NO;
				CLANG_CXX_LANGUAGE_STANDARD = "gnu++0x";
				CLANG_CXX_LIBRARY = "libc++";
				CLANG_ENABLE_MODULES = YES;
				CLANG_ENABLE_OBJC_ARC = YES;
				CLANG_WARN_BOOL_CONVERSION = YES;
				CLANG_WARN_CONSTANT_CONVERSION = YES;
				CLANG_WARN_DIRECT_OBJC_ISA_USAGE = YES_ERROR;
				CLANG_WARN_EMPTY_BODY = YES;
				CLANG_WARN_ENUM_CONVERSION = YES;
				CLANG_WARN_INT_CONVERSION = YES;
				CLANG_WARN_OBJC_ROOT_CLASS = YES_ERROR;
				CLANG_WARN_UNREACHABLE_CODE = YES;
				CLANG_WARN__DUPLICATE_METHOD_MATCH = YES;
				"CODE_SIGN_IDENTITY[sdk=iphoneos*]" = "iPhone Developer";
				COPY_PHASE_STRIP = NO;
				ENABLE_STRICT_OBJC_MSGSEND = YES;
				GCC_C_LANGUAGE_STANDARD = gnu99;
				GCC_DYNAMIC_NO_PIC = NO;
				GCC_OPTIMIZATION_LEVEL = 0;
				GCC_PREPROCESSOR_DEFINITIONS = (
					"DEBUG=1",
					"$(inherited)",
				);
				GCC_SYMBOLS_PRIVATE_EXTERN = NO;
				GCC_WARN_64_TO_32_BIT_CONVERSION = YES;
				GCC_WARN_ABOUT_RETURN_TYPE = YES_ERROR;
				GCC_WARN_UNDECLARED_SELECTOR = YES;
				GCC_WARN_UNINITIALIZED_AUTOS = YES_AGGRESSIVE;
				GCC_WARN_UNUSED_FUNCTION = YES;
				GCC_WARN_UNUSED_VARIABLE = YES;
				IPHONEOS_DEPLOYMENT_TARGET = 8.1;
				MTL_ENABLE_DEBUG_INFO = YES;
				ONLY_ACTIVE_ARCH = YES;
				SDKROOT = iphoneos;
				TARGETED_DEVICE_FAMILY = "1,2";
			};
			name = Debug;
		};
		C70E71BB1AA30651005FF046 /* Release */ = {
			isa = XCBuildConfiguration;
			buildSettings = {
				ALWAYS_SEARCH_USER_PATHS = NO;
				CLANG_CXX_LANGUAGE_STANDARD = "gnu++0x";
				CLANG_CXX_LIBRARY = "libc++";
				CLANG_ENABLE_MODULES = YES;
				CLANG_ENABLE_OBJC_ARC = YES;
				CLANG_WARN_BOOL_CONVERSION = YES;
				CLANG_WARN_CONSTANT_CONVERSION = YES;
				CLANG_WARN_DIRECT_OBJC_ISA_USAGE = YES_ERROR;
				CLANG_WARN_EMPTY_BODY = YES;
				CLANG_WARN_ENUM_CONVERSION = YES;
				CLANG_WARN_INT_CONVERSION = YES;
				CLANG_WARN_OBJC_ROOT_CLASS = YES_ERROR;
				CLANG_WARN_UNREACHABLE_CODE = YES;
				CLANG_WARN__DUPLICATE_METHOD_MATCH = YES;
				"CODE_SIGN_IDENTITY[sdk=iphoneos*]" = "iPhone Developer";
				COPY_PHASE_STRIP = YES;
				ENABLE_NS_ASSERTIONS = NO;
				ENABLE_STRICT_OBJC_MSGSEND = YES;
				GCC_C_LANGUAGE_STANDARD = gnu99;
				GCC_WARN_64_TO_32_BIT_CONVERSION = YES;
				GCC_WARN_ABOUT_RETURN_TYPE = YES_ERROR;
				GCC_WARN_UNDECLARED_SELECTOR = YES;
				GCC_WARN_UNINITIALIZED_AUTOS = YES_AGGRESSIVE;
				GCC_WARN_UNUSED_FUNCTION = YES;
				GCC_WARN_UNUSED_VARIABLE = YES;
				IPHONEOS_DEPLOYMENT_TARGET = 8.1;
				MTL_ENABLE_DEBUG_INFO = NO;
				SDKROOT = iphoneos;
				TARGETED_DEVICE_FAMILY = "1,2";
				VALIDATE_PRODUCT = YES;
			};
			name = Release;
		};
		C70E71BD1AA30651005FF046 /* Debug */ = {
			isa = XCBuildConfiguration;
			buildSettings = {
				ASSETCATALOG_COMPILER_APPICON_NAME = AppIcon;
				INFOPLIST_FILE = TestView10WebView/Info.plist;
				LD_RUNPATH_SEARCH_PATHS = "$(inherited) @executable_path/Frameworks";
				PRODUCT_NAME = "$(TARGET_NAME)";
			};
			name = Debug;
		};
		C70E71BE1AA30651005FF046 /* Release */ = {
			isa = XCBuildConfiguration;
			buildSettings = {
				ASSETCATALOG_COMPILER_APPICON_NAME = AppIcon;
				INFOPLIST_FILE = TestView10WebView/Info.plist;
				LD_RUNPATH_SEARCH_PATHS = "$(inherited) @executable_path/Frameworks";
				PRODUCT_NAME = "$(TARGET_NAME)";
			};
			name = Release;
		};
		C70E71C01AA30651005FF046 /* Debug */ = {
			isa = XCBuildConfiguration;
			buildSettings = {
				BUNDLE_LOADER = "$(TEST_HOST)";
				FRAMEWORK_SEARCH_PATHS = (
					"$(SDKROOT)/Developer/Library/Frameworks",
					"$(inherited)",
				);
				GCC_PREPROCESSOR_DEFINITIONS = (
					"DEBUG=1",
					"$(inherited)",
				);
				INFOPLIST_FILE = TestView10WebViewTests/Info.plist;
				LD_RUNPATH_SEARCH_PATHS = "$(inherited) @executable_path/Frameworks @loader_path/Frameworks";
				PRODUCT_NAME = "$(TARGET_NAME)";
				TEST_HOST = "$(BUILT_PRODUCTS_DIR)/TestView10WebView.app/TestView10WebView";
			};
			name = Debug;
		};
		C70E71C11AA30651005FF046 /* Release */ = {
			isa = XCBuildConfiguration;
			buildSettings = {
				BUNDLE_LOADER = "$(TEST_HOST)";
				FRAMEWORK_SEARCH_PATHS = (
					"$(SDKROOT)/Developer/Library/Frameworks",
					"$(inherited)",
				);
				INFOPLIST_FILE = TestView10WebViewTests/Info.plist;
				LD_RUNPATH_SEARCH_PATHS = "$(inherited) @executable_path/Frameworks @loader_path/Frameworks";
				PRODUCT_NAME = "$(TARGET_NAME)";
				TEST_HOST = "$(BUILT_PRODUCTS_DIR)/TestView10WebView.app/TestView10WebView";
			};
			name = Release;
		};
/* End XCBuildConfiguration section */

/* Begin XCConfigurationList section */
		C70E71941AA30651005FF046 /* Build configuration list for PBXProject "TestView10WebView" */ = {
			isa = XCConfigurationList;
			buildConfigurations = (
				C70E71BA1AA30651005FF046 /* Debug */,
				C70E71BB1AA30651005FF046 /* Release */,
			);
			defaultConfigurationIsVisible = 0;
			defaultConfigurationName = Release;
		};
		C70E71BC1AA30651005FF046 /* Build configuration list for PBXNativeTarget "TestView10WebView" */ = {
			isa = XCConfigurationList;
			buildConfigurations = (
				C70E71BD1AA30651005FF046 /* Debug */,
				C70E71BE1AA30651005FF046 /* Release */,
			);
			defaultConfigurationIsVisible = 0;
		};
		C70E71BF1AA30651005FF046 /* Build configuration list for PBXNativeTarget "TestView10WebViewTests" */ = {
			isa = XCConfigurationList;
			buildConfigurations = (
				C70E71C01AA30651005FF046 /* Debug */,
				C70E71C11AA30651005FF046 /* Release */,
			);
			defaultConfigurationIsVisible = 0;
		};
/* End XCConfigurationList section */
	};
	rootObject = C70E71911AA30651005FF046 /* Project object */;
}
