// !$*UTF8*$!
{
	archiveVersion = 1;
	classes = {
	};
	objectVersion = 46;
	objects = {

/* Begin PBXBuildFile section */
		C77261351A572F110049F990 /* main.m in Sources */ = {isa = PBXBuildFile; fileRef = C77261341A572F110049F990 /* main.m */; };
		C77261381A572F110049F990 /* AppDelegate.m in Sources */ = {isa = PBXBuildFile; fileRef = C77261371A572F110049F990 /* AppDelegate.m */; };
		C772613B1A572F110049F990 /* ViewController.m in Sources */ = {isa = PBXBuildFile; fileRef = C772613A1A572F110049F990 /* ViewController.m */; };
		C772613E1A572F110049F990 /* Main.storyboard in Resources */ = {isa = PBXBuildFile; fileRef = C772613C1A572F110049F990 /* Main.storyboard */; };
		C77261401A572F110049F990 /* Images.xcassets in Resources */ = {isa = PBXBuildFile; fileRef = C772613F1A572F110049F990 /* Images.xcassets */; };
		C77261431A572F110049F990 /* LaunchScreen.xib in Resources */ = {isa = PBXBuildFile; fileRef = C77261411A572F110049F990 /* LaunchScreen.xib */; };
		C772614F1A572F110049F990 /* TestThreadTests.m in Sources */ = {isa = PBXBuildFile; fileRef = C772614E1A572F110049F990 /* TestThreadTests.m */; };
		C7A826091A644E28009FA1FB /* Student.m in Sources */ = {isa = PBXBuildFile; fileRef = C7A826081A644E28009FA1FB /* Student.m */; };
		C7CD97281A6507C500C0B3B4 /* TestObject.m in Sources */ = {isa = PBXBuildFile; fileRef = C7CD97271A6507C500C0B3B4 /* TestObject.m */; };
/* End PBXBuildFile section */

/* Begin PBXContainerItemProxy section */
		C77261491A572F110049F990 /* PBXContainerItemProxy */ = {
			isa = PBXContainerItemProxy;
			containerPortal = C77261271A572F110049F990 /* Project object */;
			proxyType = 1;
			remoteGlobalIDString = C772612E1A572F110049F990;
			remoteInfo = TestThread;
		};
/* End PBXContainerItemProxy section */

/* Begin PBXFileReference section */
		C772612F1A572F110049F990 /* TestThread.app */ = {isa = PBXFileReference; explicitFileType = wrapper.application; includeInIndex = 0; path = TestThread.app; sourceTree = BUILT_PRODUCTS_DIR; };
		C77261331A572F110049F990 /* Info.plist */ = {isa = PBXFileReference; lastKnownFileType = text.plist.xml; path = Info.plist; sourceTree = "<group>"; };
		C77261341A572F110049F990 /* main.m */ = {isa = PBXFileReference; lastKnownFileType = sourcecode.c.objc; path = main.m; sourceTree = "<group>"; };
		C77261361A572F110049F990 /* AppDelegate.h */ = {isa = PBXFileReference; lastKnownFileType = sourcecode.c.h; path = AppDelegate.h; sourceTree = "<group>"; };
		C77261371A572F110049F990 /* AppDelegate.m */ = {isa = PBXFileReference; lastKnownFileType = sourcecode.c.objc; path = AppDelegate.m; sourceTree = "<group>"; };
		C77261391A572F110049F990 /* ViewController.h */ = {isa = PBXFileReference; lastKnownFileType = sourcecode.c.h; path = ViewController.h; sourceTree = "<group>"; };
		C772613A1A572F110049F990 /* ViewController.m */ = {isa = PBXFileReference; lastKnownFileType = sourcecode.c.objc; path = ViewController.m; sourceTree = "<group>"; };
		C772613D1A572F110049F990 /* Base */ = {isa = PBXFileReference; lastKnownFileType = file.storyboard; name = Base; path = Base.lproj/Main.storyboard; sourceTree = "<group>"; };
		C772613F1A572F110049F990 /* Images.xcassets */ = {isa = PBXFileReference; lastKnownFileType = folder.assetcatalog; path = Images.xcassets; sourceTree = "<group>"; };
		C77261421A572F110049F990 /* Base */ = {isa = PBXFileReference; lastKnownFileType = file.xib; name = Base; path = Base.lproj/LaunchScreen.xib; sourceTree = "<group>"; };
		C77261481A572F110049F990 /* TestThreadTests.xctest */ = {isa = PBXFileReference; explicitFileType = wrapper.cfbundle; includeInIndex = 0; path = TestThreadTests.xctest; sourceTree = BUILT_PRODUCTS_DIR; };
		C772614D1A572F110049F990 /* Info.plist */ = {isa = PBXFileReference; lastKnownFileType = text.plist.xml; path = Info.plist; sourceTree = "<group>"; };
		C772614E1A572F110049F990 /* TestThreadTests.m */ = {isa = PBXFileReference; lastKnownFileType = sourcecode.c.objc; path = TestThreadTests.m; sourceTree = "<group>"; };
		C7A826071A644E28009FA1FB /* Student.h */ = {isa = PBXFileReference; fileEncoding = 4; lastKnownFileType = sourcecode.c.h; path = Student.h; sourceTree = "<group>"; };
		C7A826081A644E28009FA1FB /* Student.m */ = {isa = PBXFileReference; fileEncoding = 4; lastKnownFileType = sourcecode.c.objc; path = Student.m; sourceTree = "<group>"; };
		C7CD97261A6507C500C0B3B4 /* TestObject.h */ = {isa = PBXFileReference; fileEncoding = 4; lastKnownFileType = sourcecode.c.h; path = TestObject.h; sourceTree = "<group>"; };
		C7CD97271A6507C500C0B3B4 /* TestObject.m */ = {isa = PBXFileReference; fileEncoding = 4; lastKnownFileType = sourcecode.c.objc; path = TestObject.m; sourceTree = "<group>"; };
/* End PBXFileReference section */

/* Begin PBXFrameworksBuildPhase section */
		C772612C1A572F110049F990 /* Frameworks */ = {
			isa = PBXFrameworksBuildPhase;
			buildActionMask = 2147483647;
			files = (
			);
			runOnlyForDeploymentPostprocessing = 0;
		};
		C77261451A572F110049F990 /* Frameworks */ = {
			isa = PBXFrameworksBuildPhase;
			buildActionMask = 2147483647;
			files = (
			);
			runOnlyForDeploymentPostprocessing = 0;
		};
/* End PBXFrameworksBuildPhase section */

/* Begin PBXGroup section */
		C77261261A572F110049F990 = {
			isa = PBXGroup;
			children = (
				C77261311A572F110049F990 /* TestThread */,
				C772614B1A572F110049F990 /* TestThreadTests */,
				C77261301A572F110049F990 /* Products */,
			);
			sourceTree = "<group>";
		};
		C77261301A572F110049F990 /* Products */ = {
			isa = PBXGroup;
			children = (
				C772612F1A572F110049F990 /* TestThread.app */,
				C77261481A572F110049F990 /* TestThreadTests.xctest */,
			);
			name = Products;
			sourceTree = "<group>";
		};
		C77261311A572F110049F990 /* TestThread */ = {
			isa = PBXGroup;
			children = (
				C77261361A572F110049F990 /* AppDelegate.h */,
				C77261371A572F110049F990 /* AppDelegate.m */,
				C77261391A572F110049F990 /* ViewController.h */,
				C772613A1A572F110049F990 /* ViewController.m */,
				C7CD97261A6507C500C0B3B4 /* TestObject.h */,
				C7CD97271A6507C500C0B3B4 /* TestObject.m */,
				C772613C1A572F110049F990 /* Main.storyboard */,
				C772613F1A572F110049F990 /* Images.xcassets */,
				C77261411A572F110049F990 /* LaunchScreen.xib */,
				C77261321A572F110049F990 /* Supporting Files */,
				C7A826071A644E28009FA1FB /* Student.h */,
				C7A826081A644E28009FA1FB /* Student.m */,
			);
			path = TestThread;
			sourceTree = "<group>";
		};
		C77261321A572F110049F990 /* Supporting Files */ = {
			isa = PBXGroup;
			children = (
				C77261331A572F110049F990 /* Info.plist */,
				C77261341A572F110049F990 /* main.m */,
			);
			name = "Supporting Files";
			sourceTree = "<group>";
		};
		C772614B1A572F110049F990 /* TestThreadTests */ = {
			isa = PBXGroup;
			children = (
				C772614E1A572F110049F990 /* TestThreadTests.m */,
				C772614C1A572F110049F990 /* Supporting Files */,
			);
			path = TestThreadTests;
			sourceTree = "<group>";
		};
		C772614C1A572F110049F990 /* Supporting Files */ = {
			isa = PBXGroup;
			children = (
				C772614D1A572F110049F990 /* Info.plist */,
			);
			name = "Supporting Files";
			sourceTree = "<group>";
		};
/* End PBXGroup section */

/* Begin PBXNativeTarget section */
		C772612E1A572F110049F990 /* TestThread */ = {
			isa = PBXNativeTarget;
			buildConfigurationList = C77261521A572F110049F990 /* Build configuration list for PBXNativeTarget "TestThread" */;
			buildPhases = (
				C772612B1A572F110049F990 /* Sources */,
				C772612C1A572F110049F990 /* Frameworks */,
				C772612D1A572F110049F990 /* Resources */,
			);
			buildRules = (
			);
			dependencies = (
			);
			name = TestThread;
			productName = TestThread;
			productReference = C772612F1A572F110049F990 /* TestThread.app */;
			productType = "com.apple.product-type.application";
		};
		C77261471A572F110049F990 /* TestThreadTests */ = {
			isa = PBXNativeTarget;
			buildConfigurationList = C77261551A572F110049F990 /* Build configuration list for PBXNativeTarget "TestThreadTests" */;
			buildPhases = (
				C77261441A572F110049F990 /* Sources */,
				C77261451A572F110049F990 /* Frameworks */,
				C77261461A572F110049F990 /* Resources */,
			);
			buildRules = (
			);
			dependencies = (
				C772614A1A572F110049F990 /* PBXTargetDependency */,
			);
			name = TestThreadTests;
			productName = TestThreadTests;
			productReference = C77261481A572F110049F990 /* TestThreadTests.xctest */;
			productType = "com.apple.product-type.bundle.unit-test";
		};
/* End PBXNativeTarget section */

/* Begin PBXProject section */
		C77261271A572F110049F990 /* Project object */ = {
			isa = PBXProject;
			attributes = {
				LastUpgradeCheck = 0610;
				ORGANIZATIONNAME = "Andriy Bas";
				TargetAttributes = {
					C772612E1A572F110049F990 = {
						CreatedOnToolsVersion = 6.1.1;
					};
					C77261471A572F110049F990 = {
						CreatedOnToolsVersion = 6.1.1;
						TestTargetID = C772612E1A572F110049F990;
					};
				};
			};
			buildConfigurationList = C772612A1A572F110049F990 /* Build configuration list for PBXProject "TestThread" */;
			compatibilityVersion = "Xcode 3.2";
			developmentRegion = English;
			hasScannedForEncodings = 0;
			knownRegions = (
				en,
				Base,
			);
			mainGroup = C77261261A572F110049F990;
			productRefGroup = C77261301A572F110049F990 /* Products */;
			projectDirPath = "";
			projectRoot = "";
			targets = (
				C772612E1A572F110049F990 /* TestThread */,
				C77261471A572F110049F990 /* TestThreadTests */,
			);
		};
/* End PBXProject section */

/* Begin PBXResourcesBuildPhase section */
		C772612D1A572F110049F990 /* Resources */ = {
			isa = PBXResourcesBuildPhase;
			buildActionMask = 2147483647;
			files = (
				C772613E1A572F110049F990 /* Main.storyboard in Resources */,
				C77261431A572F110049F990 /* LaunchScreen.xib in Resources */,
				C77261401A572F110049F990 /* Images.xcassets in Resources */,
			);
			runOnlyForDeploymentPostprocessing = 0;
		};
		C77261461A572F110049F990 /* Resources */ = {
			isa = PBXResourcesBuildPhase;
			buildActionMask = 2147483647;
			files = (
			);
			runOnlyForDeploymentPostprocessing = 0;
		};
/* End PBXResourcesBuildPhase section */

/* Begin PBXSourcesBuildPhase section */
		C772612B1A572F110049F990 /* Sources */ = {
			isa = PBXSourcesBuildPhase;
			buildActionMask = 2147483647;
			files = (
				C772613B1A572F110049F990 /* ViewController.m in Sources */,
				C77261381A572F110049F990 /* AppDelegate.m in Sources */,
				C7CD97281A6507C500C0B3B4 /* TestObject.m in Sources */,
				C77261351A572F110049F990 /* main.m in Sources */,
				C7A826091A644E28009FA1FB /* Student.m in Sources */,
			);
			runOnlyForDeploymentPostprocessing = 0;
		};
		C77261441A572F110049F990 /* Sources */ = {
			isa = PBXSourcesBuildPhase;
			buildActionMask = 2147483647;
			files = (
				C772614F1A572F110049F990 /* TestThreadTests.m in Sources */,
			);
			runOnlyForDeploymentPostprocessing = 0;
		};
/* End PBXSourcesBuildPhase section */

/* Begin PBXTargetDependency section */
		C772614A1A572F110049F990 /* PBXTargetDependency */ = {
			isa = PBXTargetDependency;
			target = C772612E1A572F110049F990 /* TestThread */;
			targetProxy = C77261491A572F110049F990 /* PBXContainerItemProxy */;
		};
/* End PBXTargetDependency section */

/* Begin PBXVariantGroup section */
		C772613C1A572F110049F990 /* Main.storyboard */ = {
			isa = PBXVariantGroup;
			children = (
				C772613D1A572F110049F990 /* Base */,
			);
			name = Main.storyboard;
			sourceTree = "<group>";
		};
		C77261411A572F110049F990 /* LaunchScreen.xib */ = {
			isa = PBXVariantGroup;
			children = (
				C77261421A572F110049F990 /* Base */,
			);
			name = LaunchScreen.xib;
			sourceTree = "<group>";
		};
/* End PBXVariantGroup section */

/* Begin XCBuildConfiguration section */
		C77261501A572F110049F990 /* Debug */ = {
			isa = XCBuildConfiguration;
			buildSettings = {
				ALWAYS_SEARCH_USER_PATHS = NO;
				CLANG_CXX_LANGUAGE_STANDARD = "gnu++0x";
				CLANG_CXX_LIBRARY = "libc++";
				CLANG_ENABLE_MODULES = YES;
				CLANG_ENABLE_OBJC_ARC = YES;
				CLANG_WARN_BOOL_CONVERSION = YES;
				CLANG_WARN_CONSTANT_CONVERSION = YES;
				CLANG_WARN_DIRECT_OBJC_ISA_USAGE = YES_ERROR;
				CLANG_WARN_EMPTY_BODY = YES;
				CLANG_WARN_ENUM_CONVERSION = YES;
				CLANG_WARN_INT_CONVERSION = YES;
				CLANG_WARN_OBJC_ROOT_CLASS = YES_ERROR;
				CLANG_WARN_UNREACHABLE_CODE = YES;
				CLANG_WARN__DUPLICATE_METHOD_MATCH = YES;
				"CODE_SIGN_IDENTITY[sdk=iphoneos*]" = "iPhone Developer";
				COPY_PHASE_STRIP = NO;
				ENABLE_STRICT_OBJC_MSGSEND = YES;
				GCC_C_LANGUAGE_STANDARD = gnu99;
				GCC_DYNAMIC_NO_PIC = NO;
				GCC_OPTIMIZATION_LEVEL = 0;
				GCC_PREPROCESSOR_DEFINITIONS = (
					"DEBUG=1",
					"$(inherited)",
				);
				GCC_SYMBOLS_PRIVATE_EXTERN = NO;
				GCC_WARN_64_TO_32_BIT_CONVERSION = YES;
				GCC_WARN_ABOUT_RETURN_TYPE = YES_ERROR;
				GCC_WARN_UNDECLARED_SELECTOR = YES;
				GCC_WARN_UNINITIALIZED_AUTOS = YES_AGGRESSIVE;
				GCC_WARN_UNUSED_FUNCTION = YES;
				GCC_WARN_UNUSED_VARIABLE = YES;
				IPHONEOS_DEPLOYMENT_TARGET = 8.1;
				MTL_ENABLE_DEBUG_INFO = YES;
				ONLY_ACTIVE_ARCH = YES;
				SDKROOT = iphoneos;
			};
			name = Debug;
		};
		C77261511A572F110049F990 /* Release */ = {
			isa = XCBuildConfiguration;
			buildSettings = {
				ALWAYS_SEARCH_USER_PATHS = NO;
				CLANG_CXX_LANGUAGE_STANDARD = "gnu++0x";
				CLANG_CXX_LIBRARY = "libc++";
				CLANG_ENABLE_MODULES = YES;
				CLANG_ENABLE_OBJC_ARC = YES;
				CLANG_WARN_BOOL_CONVERSION = YES;
				CLANG_WARN_CONSTANT_CONVERSION = YES;
				CLANG_WARN_DIRECT_OBJC_ISA_USAGE = YES_ERROR;
				CLANG_WARN_EMPTY_BODY = YES;
				CLANG_WARN_ENUM_CONVERSION = YES;
				CLANG_WARN_INT_CONVERSION = YES;
				CLANG_WARN_OBJC_ROOT_CLASS = YES_ERROR;
				CLANG_WARN_UNREACHABLE_CODE = YES;
				CLANG_WARN__DUPLICATE_METHOD_MATCH = YES;
				"CODE_SIGN_IDENTITY[sdk=iphoneos*]" = "iPhone Developer";
				COPY_PHASE_STRIP = YES;
				ENABLE_NS_ASSERTIONS = NO;
				ENABLE_STRICT_OBJC_MSGSEND = YES;
				GCC_C_LANGUAGE_STANDARD = gnu99;
				GCC_WARN_64_TO_32_BIT_CONVERSION = YES;
				GCC_WARN_ABOUT_RETURN_TYPE = YES_ERROR;
				GCC_WARN_UNDECLARED_SELECTOR = YES;
				GCC_WARN_UNINITIALIZED_AUTOS = YES_AGGRESSIVE;
				GCC_WARN_UNUSED_FUNCTION = YES;
				GCC_WARN_UNUSED_VARIABLE = YES;
				IPHONEOS_DEPLOYMENT_TARGET = 8.1;
				MTL_ENABLE_DEBUG_INFO = NO;
				SDKROOT = iphoneos;
				VALIDATE_PRODUCT = YES;
			};
			name = Release;
		};
		C77261531A572F110049F990 /* Debug */ = {
			isa = XCBuildConfiguration;
			buildSettings = {
				ASSETCATALOG_COMPILER_APPICON_NAME = AppIcon;
				CLANG_ENABLE_MODULES = YES;
				INFOPLIST_FILE = TestThread/Info.plist;
				LD_RUNPATH_SEARCH_PATHS = "$(inherited) @executable_path/Frameworks";
				PRODUCT_NAME = "$(TARGET_NAME)";
				SWIFT_OBJC_BRIDGING_HEADER = "TestThread/TestThread-Bridging-Header.h";
				SWIFT_OPTIMIZATION_LEVEL = "-Onone";
			};
			name = Debug;
		};
		C77261541A572F110049F990 /* Release */ = {
			isa = XCBuildConfiguration;
			buildSettings = {
				ASSETCATALOG_COMPILER_APPICON_NAME = AppIcon;
				CLANG_ENABLE_MODULES = YES;
				INFOPLIST_FILE = TestThread/Info.plist;
				LD_RUNPATH_SEARCH_PATHS = "$(inherited) @executable_path/Frameworks";
				PRODUCT_NAME = "$(TARGET_NAME)";
				SWIFT_OBJC_BRIDGING_HEADER = "TestThread/TestThread-Bridging-Header.h";
			};
			name = Release;
		};
		C77261561A572F110049F990 /* Debug */ = {
			isa = XCBuildConfiguration;
			buildSettings = {
				BUNDLE_LOADER = "$(TEST_HOST)";
				FRAMEWORK_SEARCH_PATHS = (
					"$(SDKROOT)/Developer/Library/Frameworks",
					"$(inherited)",
				);
				GCC_PREPROCESSOR_DEFINITIONS = (
					"DEBUG=1",
					"$(inherited)",
				);
				INFOPLIST_FILE = TestThreadTests/Info.plist;
				LD_RUNPATH_SEARCH_PATHS = "$(inherited) @executable_path/Frameworks @loader_path/Frameworks";
				PRODUCT_NAME = "$(TARGET_NAME)";
				TEST_HOST = "$(BUILT_PRODUCTS_DIR)/TestThread.app/TestThread";
			};
			name = Debug;
		};
		C77261571A572F110049F990 /* Release */ = {
			isa = XCBuildConfiguration;
			buildSettings = {
				BUNDLE_LOADER = "$(TEST_HOST)";
				FRAMEWORK_SEARCH_PATHS = (
					"$(SDKROOT)/Developer/Library/Frameworks",
					"$(inherited)",
				);
				INFOPLIST_FILE = TestThreadTests/Info.plist;
				LD_RUNPATH_SEARCH_PATHS = "$(inherited) @executable_path/Frameworks @loader_path/Frameworks";
				PRODUCT_NAME = "$(TARGET_NAME)";
				TEST_HOST = "$(BUILT_PRODUCTS_DIR)/TestThread.app/TestThread";
			};
			name = Release;
		};
/* End XCBuildConfiguration section */

/* Begin XCConfigurationList section */
		C772612A1A572F110049F990 /* Build configuration list for PBXProject "TestThread" */ = {
			isa = XCConfigurationList;
			buildConfigurations = (
				C77261501A572F110049F990 /* Debug */,
				C77261511A572F110049F990 /* Release */,
			);
			defaultConfigurationIsVisible = 0;
			defaultConfigurationName = Release;
		};
		C77261521A572F110049F990 /* Build configuration list for PBXNativeTarget "TestThread" */ = {
			isa = XCConfigurationList;
			buildConfigurations = (
				C77261531A572F110049F990 /* Debug */,
				C77261541A572F110049F990 /* Release */,
			);
			defaultConfigurationIsVisible = 0;
			defaultConfigurationName = Release;
		};
		C77261551A572F110049F990 /* Build configuration list for PBXNativeTarget "TestThreadTests" */ = {
			isa = XCConfigurationList;
			buildConfigurations = (
				C77261561A572F110049F990 /* Debug */,
				C77261571A572F110049F990 /* Release */,
			);
			defaultConfigurationIsVisible = 0;
			defaultConfigurationName = Release;
		};
/* End XCConfigurationList section */
	};
	rootObject = C77261271A572F110049F990 /* Project object */;
}
